// !$*UTF8*$!
{
	archiveVersion = 1;
	classes = {
	};
	objectVersion = 56;
	objects = {

/* Begin PBXBuildFile section */
		BB2963232930FB93008D1154 /* AboutView.swift in Sources */ = {isa = PBXBuildFile; fileRef = BB2963222930FB93008D1154 /* AboutView.swift */; };
		BB29632529311E46008D1154 /* PatrickHand-Regular.ttf in Resources */ = {isa = PBXBuildFile; fileRef = BB29632429311E46008D1154 /* PatrickHand-Regular.ttf */; };
		BB343671292EBDDD0012FF81 /* Localizable.strings in Resources */ = {isa = PBXBuildFile; fileRef = BB343673292EBDDD0012FF81 /* Localizable.strings */; };
		BB5ACC53292D05E300755A61 /* Language.swift in Sources */ = {isa = PBXBuildFile; fileRef = BB5ACC52292D05E300755A61 /* Language.swift */; };
		BB5ACC55292D05FD00755A61 /* GlobalSettings.swift in Sources */ = {isa = PBXBuildFile; fileRef = BB5ACC54292D05FD00755A61 /* GlobalSettings.swift */; };
		BB5ACC5F292D1BB900755A61 /* CustomNavigationView.swift in Sources */ = {isa = PBXBuildFile; fileRef = BB5ACC5E292D1BB900755A61 /* CustomNavigationView.swift */; };
		BB5ACC61292D20FB00755A61 /* ToggleRowView.swift in Sources */ = {isa = PBXBuildFile; fileRef = BB5ACC60292D20FB00755A61 /* ToggleRowView.swift */; };
		BB5ACC64292D235D00755A61 /* DisclosureRowView.swift in Sources */ = {isa = PBXBuildFile; fileRef = BB5ACC63292D235D00755A61 /* DisclosureRowView.swift */; };
		BB5ACC66292D243E00755A61 /* SectionHeaderView.swift in Sources */ = {isa = PBXBuildFile; fileRef = BB5ACC65292D243E00755A61 /* SectionHeaderView.swift */; };
		BB5ACC68292D257500755A61 /* RadioRowView.swift in Sources */ = {isa = PBXBuildFile; fileRef = BB5ACC67292D257500755A61 /* RadioRowView.swift */; };
		BB5ACC6A292D70F700755A61 /* WordsLanguageView.swift in Sources */ = {isa = PBXBuildFile; fileRef = BB5ACC69292D70F700755A61 /* WordsLanguageView.swift */; };
		BB5ACC6C292D7C7800755A61 /* CheckRowView.swift in Sources */ = {isa = PBXBuildFile; fileRef = BB5ACC6B292D7C7800755A61 /* CheckRowView.swift */; };
		BB5CF475293181BD00814D34 /* ShapeButton.swift in Sources */ = {isa = PBXBuildFile; fileRef = BB5CF474293181BD00814D34 /* ShapeButton.swift */; };
		BB5CF4772932559E00814D34 /* AppSettings.swift in Sources */ = {isa = PBXBuildFile; fileRef = BB5CF4762932559E00814D34 /* AppSettings.swift */; };
		BB5CF47A2932702B00814D34 /* HighScoresView.swift in Sources */ = {isa = PBXBuildFile; fileRef = BB5CF4792932702B00814D34 /* HighScoresView.swift */; };
		BB5D42722935051C0077C9E5 /* CircularProgressView.swift in Sources */ = {isa = PBXBuildFile; fileRef = BB5D42712935051C0077C9E5 /* CircularProgressView.swift */; };
		BB5D427429354C4D0077C9E5 /* SegmentedProgressView.swift in Sources */ = {isa = PBXBuildFile; fileRef = BB5D427329354C4D0077C9E5 /* SegmentedProgressView.swift */; };
		BB71DC76291C62A3007B045D /* SettingsView.swift in Sources */ = {isa = PBXBuildFile; fileRef = BB71DC75291C62A3007B045D /* SettingsView.swift */; };
		BB71DC78291D49C8007B045D /* DifficultyView.swift in Sources */ = {isa = PBXBuildFile; fileRef = BB71DC77291D49C8007B045D /* DifficultyView.swift */; };
		BB78D9B1293AB12600E0319F /* ScoreColumnView.swift in Sources */ = {isa = PBXBuildFile; fileRef = BB78D9B0293AB12600E0319F /* ScoreColumnView.swift */; };
		BB78D9B3293AC46A00E0319F /* DifficultyRateView.swift in Sources */ = {isa = PBXBuildFile; fileRef = BB78D9B2293AC46A00E0319F /* DifficultyRateView.swift */; };
		BB78D9B5293B534700E0319F /* OverviewCardView.swift in Sources */ = {isa = PBXBuildFile; fileRef = BB78D9B4293B534700E0319F /* OverviewCardView.swift */; };
		BB78D9B8293B8D2C00E0319F /* GameView.swift in Sources */ = {isa = PBXBuildFile; fileRef = BB78D9B7293B8D2C00E0319F /* GameView.swift */; };
		BB7DEA76294329480035F6C8 /* WinRatePopupView.swift in Sources */ = {isa = PBXBuildFile; fileRef = BB7DEA75294329480035F6C8 /* WinRatePopupView.swift */; };
		BB7DEA7829432ED90035F6C8 /* DifficultyLevelsPopupView.swift in Sources */ = {isa = PBXBuildFile; fileRef = BB7DEA7729432ED90035F6C8 /* DifficultyLevelsPopupView.swift */; };
		BB7DEA7A29436C520035F6C8 /* LanguagePopupView.swift in Sources */ = {isa = PBXBuildFile; fileRef = BB7DEA7929436C520035F6C8 /* LanguagePopupView.swift */; };
		BB7DEA7C2943DD190035F6C8 /* Theme.swift in Sources */ = {isa = PBXBuildFile; fileRef = BB7DEA7B2943DD190035F6C8 /* Theme.swift */; };
		BB7DEA7F2943E0610035F6C8 /* AppLanguageView.swift in Sources */ = {isa = PBXBuildFile; fileRef = BB7DEA7E2943E0610035F6C8 /* AppLanguageView.swift */; };
		BB9DA85F2934E0560009B6BB /* Difficulty.swift in Sources */ = {isa = PBXBuildFile; fileRef = BB9DA85E2934E0560009B6BB /* Difficulty.swift */; };
		BB9DA8612934E9CA0009B6BB /* StatisticsView.swift in Sources */ = {isa = PBXBuildFile; fileRef = BB9DA8602934E9CA0009B6BB /* StatisticsView.swift */; };
		BBC2A9C2292CE15900388189 /* TextButton.swift in Sources */ = {isa = PBXBuildFile; fileRef = BBC2A9C1292CE15900388189 /* TextButton.swift */; };
		BBCE96F1292E69D300A9535D /* WordsListView.swift in Sources */ = {isa = PBXBuildFile; fileRef = BBCE96F0292E69D300A9535D /* WordsListView.swift */; };
		BBDE41232940C0340052D13D /* CroatianKeyboardView.swift in Sources */ = {isa = PBXBuildFile; fileRef = BBDE41222940C0340052D13D /* CroatianKeyboardView.swift */; };
		BBDE41252940C4410052D13D /* EnglishKeyboardView.swift in Sources */ = {isa = PBXBuildFile; fileRef = BBDE41242940C4410052D13D /* EnglishKeyboardView.swift */; };
		BBDE41292941311C0052D13D /* PopupViewModifier.swift in Sources */ = {isa = PBXBuildFile; fileRef = BBDE41282941311C0052D13D /* PopupViewModifier.swift */; };
		BBDE4144294228EE0052D13D /* ScoringSystemPopupView.swift in Sources */ = {isa = PBXBuildFile; fileRef = BBDE4143294228EE0052D13D /* ScoringSystemPopupView.swift */; };
		BBDE4146294286E50052D13D /* HighScoresPopupView.swift in Sources */ = {isa = PBXBuildFile; fileRef = BBDE4145294286E50052D13D /* HighScoresPopupView.swift */; };
		BBDE4148294298DA0052D13D /* AllWordsPopupView.swift in Sources */ = {isa = PBXBuildFile; fileRef = BBDE4147294298DA0052D13D /* AllWordsPopupView.swift */; };
		EE3623022913E4980088943C /* Preview Assets.xcassets in Resources */ = {isa = PBXBuildFile; fileRef = EE3623012913E4980088943C /* Preview Assets.xcassets */; };
		EE96E5422913BC20000EBC08 /* Constants.swift in Sources */ = {isa = PBXBuildFile; fileRef = EE96E5412913BC20000EBC08 /* Constants.swift */; };
		EE96E5452913DB09000EBC08 /* Another Danger - Demo.otf in Resources */ = {isa = PBXBuildFile; fileRef = EE96E5442913DB08000EBC08 /* Another Danger - Demo.otf */; };
		EEA09D642913B30E00FAFF53 /* Hangman2App.swift in Sources */ = {isa = PBXBuildFile; fileRef = EEA09D632913B30E00FAFF53 /* Hangman2App.swift */; };
		EEA09D662913B30E00FAFF53 /* StartView.swift in Sources */ = {isa = PBXBuildFile; fileRef = EEA09D652913B30E00FAFF53 /* StartView.swift */; };
		EEA09D682913B30F00FAFF53 /* Assets.xcassets in Resources */ = {isa = PBXBuildFile; fileRef = EEA09D672913B30F00FAFF53 /* Assets.xcassets */; };
/* End PBXBuildFile section */

/* Begin PBXFileReference section */
		BB2963222930FB93008D1154 /* AboutView.swift */ = {isa = PBXFileReference; lastKnownFileType = sourcecode.swift; path = AboutView.swift; sourceTree = "<group>"; };
		BB29632429311E46008D1154 /* PatrickHand-Regular.ttf */ = {isa = PBXFileReference; lastKnownFileType = file; path = "PatrickHand-Regular.ttf"; sourceTree = "<group>"; };
		BB343672292EBDDD0012FF81 /* en */ = {isa = PBXFileReference; lastKnownFileType = text.plist.strings; name = en; path = en.lproj/Localizable.strings; sourceTree = "<group>"; };
		BB343674292EBDE30012FF81 /* hr */ = {isa = PBXFileReference; lastKnownFileType = text.plist.strings; name = hr; path = hr.lproj/Localizable.strings; sourceTree = "<group>"; };
		BB5ACC52292D05E300755A61 /* Language.swift */ = {isa = PBXFileReference; lastKnownFileType = sourcecode.swift; path = Language.swift; sourceTree = "<group>"; };
		BB5ACC54292D05FD00755A61 /* GlobalSettings.swift */ = {isa = PBXFileReference; lastKnownFileType = sourcecode.swift; path = GlobalSettings.swift; sourceTree = "<group>"; };
		BB5ACC5E292D1BB900755A61 /* CustomNavigationView.swift */ = {isa = PBXFileReference; lastKnownFileType = sourcecode.swift; path = CustomNavigationView.swift; sourceTree = "<group>"; };
		BB5ACC60292D20FB00755A61 /* ToggleRowView.swift */ = {isa = PBXFileReference; lastKnownFileType = sourcecode.swift; path = ToggleRowView.swift; sourceTree = "<group>"; };
		BB5ACC63292D235D00755A61 /* DisclosureRowView.swift */ = {isa = PBXFileReference; lastKnownFileType = sourcecode.swift; path = DisclosureRowView.swift; sourceTree = "<group>"; };
		BB5ACC65292D243E00755A61 /* SectionHeaderView.swift */ = {isa = PBXFileReference; lastKnownFileType = sourcecode.swift; path = SectionHeaderView.swift; sourceTree = "<group>"; };
		BB5ACC67292D257500755A61 /* RadioRowView.swift */ = {isa = PBXFileReference; lastKnownFileType = sourcecode.swift; path = RadioRowView.swift; sourceTree = "<group>"; };
		BB5ACC69292D70F700755A61 /* WordsLanguageView.swift */ = {isa = PBXFileReference; lastKnownFileType = sourcecode.swift; path = WordsLanguageView.swift; sourceTree = "<group>"; };
		BB5ACC6B292D7C7800755A61 /* CheckRowView.swift */ = {isa = PBXFileReference; lastKnownFileType = sourcecode.swift; path = CheckRowView.swift; sourceTree = "<group>"; };
		BB5CF474293181BD00814D34 /* ShapeButton.swift */ = {isa = PBXFileReference; lastKnownFileType = sourcecode.swift; path = ShapeButton.swift; sourceTree = "<group>"; };
		BB5CF4762932559E00814D34 /* AppSettings.swift */ = {isa = PBXFileReference; lastKnownFileType = sourcecode.swift; path = AppSettings.swift; sourceTree = "<group>"; };
		BB5CF4792932702B00814D34 /* HighScoresView.swift */ = {isa = PBXFileReference; lastKnownFileType = sourcecode.swift; path = HighScoresView.swift; sourceTree = "<group>"; };
		BB5D42712935051C0077C9E5 /* CircularProgressView.swift */ = {isa = PBXFileReference; lastKnownFileType = sourcecode.swift; path = CircularProgressView.swift; sourceTree = "<group>"; };
		BB5D427329354C4D0077C9E5 /* SegmentedProgressView.swift */ = {isa = PBXFileReference; lastKnownFileType = sourcecode.swift; path = SegmentedProgressView.swift; sourceTree = "<group>"; };
		BB71DC75291C62A3007B045D /* SettingsView.swift */ = {isa = PBXFileReference; lastKnownFileType = sourcecode.swift; path = SettingsView.swift; sourceTree = "<group>"; };
		BB71DC77291D49C8007B045D /* DifficultyView.swift */ = {isa = PBXFileReference; lastKnownFileType = sourcecode.swift; path = DifficultyView.swift; sourceTree = "<group>"; };
		BB78D9B0293AB12600E0319F /* ScoreColumnView.swift */ = {isa = PBXFileReference; lastKnownFileType = sourcecode.swift; path = ScoreColumnView.swift; sourceTree = "<group>"; };
		BB78D9B2293AC46A00E0319F /* DifficultyRateView.swift */ = {isa = PBXFileReference; lastKnownFileType = sourcecode.swift; path = DifficultyRateView.swift; sourceTree = "<group>"; };
		BB78D9B4293B534700E0319F /* OverviewCardView.swift */ = {isa = PBXFileReference; lastKnownFileType = sourcecode.swift; path = OverviewCardView.swift; sourceTree = "<group>"; };
		BB78D9B7293B8D2C00E0319F /* GameView.swift */ = {isa = PBXFileReference; lastKnownFileType = sourcecode.swift; path = GameView.swift; sourceTree = "<group>"; };
		BB7DEA75294329480035F6C8 /* WinRatePopupView.swift */ = {isa = PBXFileReference; lastKnownFileType = sourcecode.swift; path = WinRatePopupView.swift; sourceTree = "<group>"; };
		BB7DEA7729432ED90035F6C8 /* DifficultyLevelsPopupView.swift */ = {isa = PBXFileReference; lastKnownFileType = sourcecode.swift; path = DifficultyLevelsPopupView.swift; sourceTree = "<group>"; };
		BB7DEA7929436C520035F6C8 /* LanguagePopupView.swift */ = {isa = PBXFileReference; lastKnownFileType = sourcecode.swift; path = LanguagePopupView.swift; sourceTree = "<group>"; };
		BB7DEA7B2943DD190035F6C8 /* Theme.swift */ = {isa = PBXFileReference; lastKnownFileType = sourcecode.swift; path = Theme.swift; sourceTree = "<group>"; };
		BB7DEA7E2943E0610035F6C8 /* AppLanguageView.swift */ = {isa = PBXFileReference; lastKnownFileType = sourcecode.swift; path = AppLanguageView.swift; sourceTree = "<group>"; };
		BB9DA85E2934E0560009B6BB /* Difficulty.swift */ = {isa = PBXFileReference; lastKnownFileType = sourcecode.swift; path = Difficulty.swift; sourceTree = "<group>"; };
		BB9DA8602934E9CA0009B6BB /* StatisticsView.swift */ = {isa = PBXFileReference; lastKnownFileType = sourcecode.swift; path = StatisticsView.swift; sourceTree = "<group>"; };
		BBC2A9C1292CE15900388189 /* TextButton.swift */ = {isa = PBXFileReference; lastKnownFileType = sourcecode.swift; path = TextButton.swift; sourceTree = "<group>"; };
		BBCE96F0292E69D300A9535D /* WordsListView.swift */ = {isa = PBXFileReference; lastKnownFileType = sourcecode.swift; path = WordsListView.swift; sourceTree = "<group>"; };
		BBDE41222940C0340052D13D /* CroatianKeyboardView.swift */ = {isa = PBXFileReference; lastKnownFileType = sourcecode.swift; path = CroatianKeyboardView.swift; sourceTree = "<group>"; };
		BBDE41242940C4410052D13D /* EnglishKeyboardView.swift */ = {isa = PBXFileReference; lastKnownFileType = sourcecode.swift; path = EnglishKeyboardView.swift; sourceTree = "<group>"; };
		BBDE41282941311C0052D13D /* PopupViewModifier.swift */ = {isa = PBXFileReference; lastKnownFileType = sourcecode.swift; path = PopupViewModifier.swift; sourceTree = "<group>"; };
		BBDE4143294228EE0052D13D /* ScoringSystemPopupView.swift */ = {isa = PBXFileReference; lastKnownFileType = sourcecode.swift; path = ScoringSystemPopupView.swift; sourceTree = "<group>"; };
		BBDE4145294286E50052D13D /* HighScoresPopupView.swift */ = {isa = PBXFileReference; lastKnownFileType = sourcecode.swift; path = HighScoresPopupView.swift; sourceTree = "<group>"; };
		BBDE4147294298DA0052D13D /* AllWordsPopupView.swift */ = {isa = PBXFileReference; lastKnownFileType = sourcecode.swift; path = AllWordsPopupView.swift; sourceTree = "<group>"; };
		EE3623012913E4980088943C /* Preview Assets.xcassets */ = {isa = PBXFileReference; lastKnownFileType = folder.assetcatalog; path = "Preview Assets.xcassets"; sourceTree = "<group>"; };
		EE96E5412913BC20000EBC08 /* Constants.swift */ = {isa = PBXFileReference; lastKnownFileType = sourcecode.swift; path = Constants.swift; sourceTree = "<group>"; };
		EE96E5442913DB08000EBC08 /* Another Danger - Demo.otf */ = {isa = PBXFileReference; lastKnownFileType = file; path = "Another Danger - Demo.otf"; sourceTree = "<group>"; };
		EE96E5472913DB45000EBC08 /* Info.plist */ = {isa = PBXFileReference; lastKnownFileType = text.plist.xml; path = Info.plist; sourceTree = "<group>"; };
		EEA09D602913B30E00FAFF53 /* Hangman2.app */ = {isa = PBXFileReference; explicitFileType = wrapper.application; includeInIndex = 0; path = Hangman2.app; sourceTree = BUILT_PRODUCTS_DIR; };
		EEA09D632913B30E00FAFF53 /* Hangman2App.swift */ = {isa = PBXFileReference; lastKnownFileType = sourcecode.swift; path = Hangman2App.swift; sourceTree = "<group>"; };
		EEA09D652913B30E00FAFF53 /* StartView.swift */ = {isa = PBXFileReference; lastKnownFileType = sourcecode.swift; path = StartView.swift; sourceTree = "<group>"; };
		EEA09D672913B30F00FAFF53 /* Assets.xcassets */ = {isa = PBXFileReference; lastKnownFileType = folder.assetcatalog; path = Assets.xcassets; sourceTree = "<group>"; };
/* End PBXFileReference section */

/* Begin PBXFrameworksBuildPhase section */
		EEA09D5D2913B30E00FAFF53 /* Frameworks */ = {
			isa = PBXFrameworksBuildPhase;
			buildActionMask = 2147483647;
			files = (
			);
			runOnlyForDeploymentPostprocessing = 0;
		};
/* End PBXFrameworksBuildPhase section */

/* Begin PBXGroup section */
		BB5ACC4E292D059000755A61 /* Extensions */ = {
			isa = PBXGroup;
			children = (
			);
			path = Extensions;
			sourceTree = "<group>";
		};
		BB5ACC51292D05CD00755A61 /* Model */ = {
			isa = PBXGroup;
			children = (
				BB9DA85E2934E0560009B6BB /* Difficulty.swift */,
				BB5ACC52292D05E300755A61 /* Language.swift */,
				BB7DEA7B2943DD190035F6C8 /* Theme.swift */,
			);
			path = Model;
			sourceTree = "<group>";
		};
		BB5ACC62292D234500755A61 /* Rows */ = {
			isa = PBXGroup;
			children = (
				BB5ACC63292D235D00755A61 /* DisclosureRowView.swift */,
				BB5ACC67292D257500755A61 /* RadioRowView.swift */,
				BB5ACC60292D20FB00755A61 /* ToggleRowView.swift */,
				BB5ACC6B292D7C7800755A61 /* CheckRowView.swift */,
			);
			path = Rows;
			sourceTree = "<group>";
		};
		BB5CF4782932700700814D34 /* High Scores */ = {
			isa = PBXGroup;
			children = (
				BB5CF4792932702B00814D34 /* HighScoresView.swift */,
				BB9DA8602934E9CA0009B6BB /* StatisticsView.swift */,
			);
			path = "High Scores";
			sourceTree = "<group>";
		};
		BB78D9B6293B8CE200E0319F /* Game */ = {
			isa = PBXGroup;
			children = (
				BB78D9B7293B8D2C00E0319F /* GameView.swift */,
			);
			path = Game;
			sourceTree = "<group>";
		};
		BB7DEA7D2943E01E0035F6C8 /* Language */ = {
			isa = PBXGroup;
			children = (
				BB7DEA7E2943E0610035F6C8 /* AppLanguageView.swift */,
				BB5ACC69292D70F700755A61 /* WordsLanguageView.swift */,
			);
			path = Language;
			sourceTree = "<group>";
		};
		BBC2A9BF292CDD2300388189 /* Start */ = {
			isa = PBXGroup;
			children = (
				EEA09D652913B30E00FAFF53 /* StartView.swift */,
			);
			path = Start;
			sourceTree = "<group>";
		};
		BBC2A9C0292CE12F00388189 /* Components */ = {
			isa = PBXGroup;
			children = (
				BBDE4142294228D80052D13D /* Popups */,
				BBDE41212940C01B0052D13D /* Keybords */,
				BB5ACC62292D234500755A61 /* Rows */,
				BB5D42712935051C0077C9E5 /* CircularProgressView.swift */,
				BB5ACC5E292D1BB900755A61 /* CustomNavigationView.swift */,
				BB78D9B2293AC46A00E0319F /* DifficultyRateView.swift */,
				BB78D9B4293B534700E0319F /* OverviewCardView.swift */,
				BBDE41282941311C0052D13D /* PopupViewModifier.swift */,
				BB78D9B0293AB12600E0319F /* ScoreColumnView.swift */,
				BB5ACC65292D243E00755A61 /* SectionHeaderView.swift */,
				BB5D427329354C4D0077C9E5 /* SegmentedProgressView.swift */,
				BB5CF474293181BD00814D34 /* ShapeButton.swift */,
				BBC2A9C1292CE15900388189 /* TextButton.swift */,
			);
			path = Components;
			sourceTree = "<group>";
		};
		BBDBBA25292CFFA100BB3B8C /* Settings */ = {
			isa = PBXGroup;
			children = (
				BB7DEA7D2943E01E0035F6C8 /* Language */,
				BB2963222930FB93008D1154 /* AboutView.swift */,
				BB71DC77291D49C8007B045D /* DifficultyView.swift */,
				BB71DC75291C62A3007B045D /* SettingsView.swift */,
				BBCE96F0292E69D300A9535D /* WordsListView.swift */,
			);
			path = Settings;
			sourceTree = "<group>";
		};
		BBDE41212940C01B0052D13D /* Keybords */ = {
			isa = PBXGroup;
			children = (
				BBDE41222940C0340052D13D /* CroatianKeyboardView.swift */,
				BBDE41242940C4410052D13D /* EnglishKeyboardView.swift */,
			);
			path = Keybords;
			sourceTree = "<group>";
		};
		BBDE4142294228D80052D13D /* Popups */ = {
			isa = PBXGroup;
			children = (
				BBDE4147294298DA0052D13D /* AllWordsPopupView.swift */,
				BB7DEA7729432ED90035F6C8 /* DifficultyLevelsPopupView.swift */,
				BBDE4145294286E50052D13D /* HighScoresPopupView.swift */,
				BB7DEA7929436C520035F6C8 /* LanguagePopupView.swift */,
				BBDE4143294228EE0052D13D /* ScoringSystemPopupView.swift */,
				BB7DEA75294329480035F6C8 /* WinRatePopupView.swift */,
			);
			path = Popups;
			sourceTree = "<group>";
		};
		EE3623002913E4980088943C /* Preview Content */ = {
			isa = PBXGroup;
			children = (
				EE3623012913E4980088943C /* Preview Assets.xcassets */,
			);
			path = "Preview Content";
			sourceTree = "<group>";
		};
		EE96E5402913BC13000EBC08 /* Configuration */ = {
			isa = PBXGroup;
			children = (
				EE96E5412913BC20000EBC08 /* Constants.swift */,
				BB5ACC54292D05FD00755A61 /* GlobalSettings.swift */,
				BB5CF4762932559E00814D34 /* AppSettings.swift */,
			);
			path = Configuration;
			sourceTree = "<group>";
		};
		EE96E5432913DAC9000EBC08 /* Resources */ = {
			isa = PBXGroup;
			children = (
				EE96E5462913DB0F000EBC08 /* Fonts */,
				EE3623002913E4980088943C /* Preview Content */,
				EEA09D672913B30F00FAFF53 /* Assets.xcassets */,
				BB343673292EBDDD0012FF81 /* Localizable.strings */,
			);
			path = Resources;
			sourceTree = "<group>";
		};
		EE96E5462913DB0F000EBC08 /* Fonts */ = {
			isa = PBXGroup;
			children = (
				BB29632429311E46008D1154 /* PatrickHand-Regular.ttf */,
				EE96E5442913DB08000EBC08 /* Another Danger - Demo.otf */,
			);
			path = Fonts;
			sourceTree = "<group>";
		};
		EE96E5482913E3CB000EBC08 /* Supporting Files */ = {
			isa = PBXGroup;
			children = (
				EE96E5472913DB45000EBC08 /* Info.plist */,
			);
			path = "Supporting Files";
			sourceTree = "<group>";
		};
		EE96E5492913E45A000EBC08 /* Screens */ = {
			isa = PBXGroup;
			children = (
				EEA09D632913B30E00FAFF53 /* Hangman2App.swift */,
				BBC2A9BF292CDD2300388189 /* Start */,
				BB5CF4782932700700814D34 /* High Scores */,
				BBDBBA25292CFFA100BB3B8C /* Settings */,
				BB78D9B6293B8CE200E0319F /* Game */,
				BBC2A9C0292CE12F00388189 /* Components */,
			);
			path = Screens;
			sourceTree = "<group>";
		};
		EEA09D572913B30E00FAFF53 = {
			isa = PBXGroup;
			children = (
				EEA09D622913B30E00FAFF53 /* Hangman2 */,
				EEA09D612913B30E00FAFF53 /* Products */,
			);
			sourceTree = "<group>";
		};
		EEA09D612913B30E00FAFF53 /* Products */ = {
			isa = PBXGroup;
			children = (
				EEA09D602913B30E00FAFF53 /* Hangman2.app */,
			);
			name = Products;
			sourceTree = "<group>";
		};
		EEA09D622913B30E00FAFF53 /* Hangman2 */ = {
			isa = PBXGroup;
			children = (
				EE96E5402913BC13000EBC08 /* Configuration */,
				BB5ACC51292D05CD00755A61 /* Model */,
				BB5ACC4E292D059000755A61 /* Extensions */,
				EE96E5492913E45A000EBC08 /* Screens */,
				EE96E5432913DAC9000EBC08 /* Resources */,
				EE96E5482913E3CB000EBC08 /* Supporting Files */,
			);
			path = Hangman2;
			sourceTree = "<group>";
		};
/* End PBXGroup section */

/* Begin PBXNativeTarget section */
		EEA09D5F2913B30E00FAFF53 /* Hangman2 */ = {
			isa = PBXNativeTarget;
			buildConfigurationList = EEA09D6E2913B30F00FAFF53 /* Build configuration list for PBXNativeTarget "Hangman2" */;
			buildPhases = (
				EEA09D5C2913B30E00FAFF53 /* Sources */,
				EEA09D5D2913B30E00FAFF53 /* Frameworks */,
				EEA09D5E2913B30E00FAFF53 /* Resources */,
				BB5D428529363AB90077C9E5 /* ShellScript */,
			);
			buildRules = (
			);
			dependencies = (
			);
			name = Hangman2;
			productName = Hangman2;
			productReference = EEA09D602913B30E00FAFF53 /* Hangman2.app */;
			productType = "com.apple.product-type.application";
		};
/* End PBXNativeTarget section */

/* Begin PBXProject section */
		EEA09D582913B30E00FAFF53 /* Project object */ = {
			isa = PBXProject;
			attributes = {
				BuildIndependentTargetsInParallel = 1;
				LastSwiftUpdateCheck = 1410;
				LastUpgradeCheck = 1410;
				TargetAttributes = {
					EEA09D5F2913B30E00FAFF53 = {
						CreatedOnToolsVersion = 14.1;
					};
				};
			};
			buildConfigurationList = EEA09D5B2913B30E00FAFF53 /* Build configuration list for PBXProject "Hangman2" */;
			compatibilityVersion = "Xcode 14.0";
			developmentRegion = en;
			hasScannedForEncodings = 0;
			knownRegions = (
				en,
				Base,
				hr,
			);
			mainGroup = EEA09D572913B30E00FAFF53;
			productRefGroup = EEA09D612913B30E00FAFF53 /* Products */;
			projectDirPath = "";
			projectRoot = "";
			targets = (
				EEA09D5F2913B30E00FAFF53 /* Hangman2 */,
			);
		};
/* End PBXProject section */

/* Begin PBXResourcesBuildPhase section */
		EEA09D5E2913B30E00FAFF53 /* Resources */ = {
			isa = PBXResourcesBuildPhase;
			buildActionMask = 2147483647;
			files = (
				BB343671292EBDDD0012FF81 /* Localizable.strings in Resources */,
				BB29632529311E46008D1154 /* PatrickHand-Regular.ttf in Resources */,
				EE3623022913E4980088943C /* Preview Assets.xcassets in Resources */,
				EEA09D682913B30F00FAFF53 /* Assets.xcassets in Resources */,
				EE96E5452913DB09000EBC08 /* Another Danger - Demo.otf in Resources */,
			);
			runOnlyForDeploymentPostprocessing = 0;
		};
/* End PBXResourcesBuildPhase section */

/* Begin PBXShellScriptBuildPhase section */
		BB5D428529363AB90077C9E5 /* ShellScript */ = {
			isa = PBXShellScriptBuildPhase;
			alwaysOutOfDate = 1;
			buildActionMask = 2147483647;
			files = (
			);
			inputFileListPaths = (
			);
			inputPaths = (
			);
			outputFileListPaths = (
			);
			outputPaths = (
			);
			runOnlyForDeploymentPostprocessing = 0;
			shellPath = /bin/sh;
			shellScript = "export PATH=\"$PATH:/opt/homebrew/bin\"\nif which swiftlint >/dev/null; then\nswiftlint\nelse\necho \"warning: SwiftLint not installed, download from https://github.com/realm/SwiftLint\"\nfi\n";
		};
/* End PBXShellScriptBuildPhase section */

/* Begin PBXSourcesBuildPhase section */
		EEA09D5C2913B30E00FAFF53 /* Sources */ = {
			isa = PBXSourcesBuildPhase;
			buildActionMask = 2147483647;
			files = (
				BBC2A9C2292CE15900388189 /* TextButton.swift in Sources */,
				BB71DC78291D49C8007B045D /* DifficultyView.swift in Sources */,
				BBDE41292941311C0052D13D /* PopupViewModifier.swift in Sources */,
				BB9DA8612934E9CA0009B6BB /* StatisticsView.swift in Sources */,
				BB2963232930FB93008D1154 /* AboutView.swift in Sources */,
				BB5ACC66292D243E00755A61 /* SectionHeaderView.swift in Sources */,
				BB7DEA7A29436C520035F6C8 /* LanguagePopupView.swift in Sources */,
				BB9DA85F2934E0560009B6BB /* Difficulty.swift in Sources */,
				BBDE4144294228EE0052D13D /* ScoringSystemPopupView.swift in Sources */,
				BB5ACC64292D235D00755A61 /* DisclosureRowView.swift in Sources */,
				BBDE41252940C4410052D13D /* EnglishKeyboardView.swift in Sources */,
				BB5D427429354C4D0077C9E5 /* SegmentedProgressView.swift in Sources */,
				BBCE96F1292E69D300A9535D /* WordsListView.swift in Sources */,
				BB7DEA7C2943DD190035F6C8 /* Theme.swift in Sources */,
				BBDE41232940C0340052D13D /* CroatianKeyboardView.swift in Sources */,
				BB5CF475293181BD00814D34 /* ShapeButton.swift in Sources */,
				BB5D42722935051C0077C9E5 /* CircularProgressView.swift in Sources */,
				BB5ACC6A292D70F700755A61 /* WordsLanguageView.swift in Sources */,
				BB78D9B5293B534700E0319F /* OverviewCardView.swift in Sources */,
				BB7DEA7F2943E0610035F6C8 /* AppLanguageView.swift in Sources */,
				BB7DEA76294329480035F6C8 /* WinRatePopupView.swift in Sources */,
				BB5ACC55292D05FD00755A61 /* GlobalSettings.swift in Sources */,
				BB71DC76291C62A3007B045D /* SettingsView.swift in Sources */,
				EEA09D662913B30E00FAFF53 /* StartView.swift in Sources */,
				EEA09D642913B30E00FAFF53 /* Hangman2App.swift in Sources */,
				BB78D9B8293B8D2C00E0319F /* GameView.swift in Sources */,
				BB7DEA7829432ED90035F6C8 /* DifficultyLevelsPopupView.swift in Sources */,
				BB5ACC53292D05E300755A61 /* Language.swift in Sources */,
				BB5ACC5F292D1BB900755A61 /* CustomNavigationView.swift in Sources */,
				EE96E5422913BC20000EBC08 /* Constants.swift in Sources */,
				BB5CF47A2932702B00814D34 /* HighScoresView.swift in Sources */,
				BBDE4146294286E50052D13D /* HighScoresPopupView.swift in Sources */,
				BB78D9B1293AB12600E0319F /* ScoreColumnView.swift in Sources */,
				BB5ACC61292D20FB00755A61 /* ToggleRowView.swift in Sources */,
				BB5ACC6C292D7C7800755A61 /* CheckRowView.swift in Sources */,
				BB5CF4772932559E00814D34 /* AppSettings.swift in Sources */,
				BBDE4148294298DA0052D13D /* AllWordsPopupView.swift in Sources */,
				BB78D9B3293AC46A00E0319F /* DifficultyRateView.swift in Sources */,
				BB5ACC68292D257500755A61 /* RadioRowView.swift in Sources */,
			);
			runOnlyForDeploymentPostprocessing = 0;
		};
/* End PBXSourcesBuildPhase section */

/* Begin PBXVariantGroup section */
		BB343673292EBDDD0012FF81 /* Localizable.strings */ = {
			isa = PBXVariantGroup;
			children = (
				BB343672292EBDDD0012FF81 /* en */,
				BB343674292EBDE30012FF81 /* hr */,
			);
			name = Localizable.strings;
			sourceTree = "<group>";
		};
/* End PBXVariantGroup section */

/* Begin XCBuildConfiguration section */
		EEA09D6C2913B30F00FAFF53 /* Debug */ = {
			isa = XCBuildConfiguration;
			buildSettings = {
				ALWAYS_SEARCH_USER_PATHS = NO;
				CLANG_ANALYZER_LOCALIZABILITY_NONLOCALIZED = YES;
				CLANG_ANALYZER_NONNULL = YES;
				CLANG_ANALYZER_NUMBER_OBJECT_CONVERSION = YES_AGGRESSIVE;
				CLANG_CXX_LANGUAGE_STANDARD = "gnu++20";
				CLANG_ENABLE_MODULES = YES;
				CLANG_ENABLE_OBJC_ARC = YES;
				CLANG_ENABLE_OBJC_WEAK = YES;
				CLANG_WARN_BLOCK_CAPTURE_AUTORELEASING = YES;
				CLANG_WARN_BOOL_CONVERSION = YES;
				CLANG_WARN_COMMA = YES;
				CLANG_WARN_CONSTANT_CONVERSION = YES;
				CLANG_WARN_DEPRECATED_OBJC_IMPLEMENTATIONS = YES;
				CLANG_WARN_DIRECT_OBJC_ISA_USAGE = YES_ERROR;
				CLANG_WARN_DOCUMENTATION_COMMENTS = YES;
				CLANG_WARN_EMPTY_BODY = YES;
				CLANG_WARN_ENUM_CONVERSION = YES;
				CLANG_WARN_INFINITE_RECURSION = YES;
				CLANG_WARN_INT_CONVERSION = YES;
				CLANG_WARN_NON_LITERAL_NULL_CONVERSION = YES;
				CLANG_WARN_OBJC_IMPLICIT_RETAIN_SELF = YES;
				CLANG_WARN_OBJC_LITERAL_CONVERSION = YES;
				CLANG_WARN_OBJC_ROOT_CLASS = YES_ERROR;
				CLANG_WARN_QUOTED_INCLUDE_IN_FRAMEWORK_HEADER = YES;
				CLANG_WARN_RANGE_LOOP_ANALYSIS = YES;
				CLANG_WARN_STRICT_PROTOTYPES = YES;
				CLANG_WARN_SUSPICIOUS_MOVE = YES;
				CLANG_WARN_UNGUARDED_AVAILABILITY = YES_AGGRESSIVE;
				CLANG_WARN_UNREACHABLE_CODE = YES;
				CLANG_WARN__DUPLICATE_METHOD_MATCH = YES;
				COPY_PHASE_STRIP = NO;
				DEBUG_INFORMATION_FORMAT = dwarf;
				ENABLE_STRICT_OBJC_MSGSEND = YES;
				ENABLE_TESTABILITY = YES;
				GCC_C_LANGUAGE_STANDARD = gnu11;
				GCC_DYNAMIC_NO_PIC = NO;
				GCC_NO_COMMON_BLOCKS = YES;
				GCC_OPTIMIZATION_LEVEL = 0;
				GCC_PREPROCESSOR_DEFINITIONS = (
					"DEBUG=1",
					"$(inherited)",
				);
				GCC_WARN_64_TO_32_BIT_CONVERSION = YES;
				GCC_WARN_ABOUT_RETURN_TYPE = YES_ERROR;
				GCC_WARN_UNDECLARED_SELECTOR = YES;
				GCC_WARN_UNINITIALIZED_AUTOS = YES_AGGRESSIVE;
				GCC_WARN_UNUSED_FUNCTION = YES;
				GCC_WARN_UNUSED_VARIABLE = YES;
				IPHONEOS_DEPLOYMENT_TARGET = 16.1;
				MTL_ENABLE_DEBUG_INFO = INCLUDE_SOURCE;
				MTL_FAST_MATH = YES;
				ONLY_ACTIVE_ARCH = YES;
				SDKROOT = iphoneos;
				SWIFT_ACTIVE_COMPILATION_CONDITIONS = DEBUG;
				SWIFT_OPTIMIZATION_LEVEL = "-Onone";
			};
			name = Debug;
		};
		EEA09D6D2913B30F00FAFF53 /* Release */ = {
			isa = XCBuildConfiguration;
			buildSettings = {
				ALWAYS_SEARCH_USER_PATHS = NO;
				CLANG_ANALYZER_LOCALIZABILITY_NONLOCALIZED = YES;
				CLANG_ANALYZER_NONNULL = YES;
				CLANG_ANALYZER_NUMBER_OBJECT_CONVERSION = YES_AGGRESSIVE;
				CLANG_CXX_LANGUAGE_STANDARD = "gnu++20";
				CLANG_ENABLE_MODULES = YES;
				CLANG_ENABLE_OBJC_ARC = YES;
				CLANG_ENABLE_OBJC_WEAK = YES;
				CLANG_WARN_BLOCK_CAPTURE_AUTORELEASING = YES;
				CLANG_WARN_BOOL_CONVERSION = YES;
				CLANG_WARN_COMMA = YES;
				CLANG_WARN_CONSTANT_CONVERSION = YES;
				CLANG_WARN_DEPRECATED_OBJC_IMPLEMENTATIONS = YES;
				CLANG_WARN_DIRECT_OBJC_ISA_USAGE = YES_ERROR;
				CLANG_WARN_DOCUMENTATION_COMMENTS = YES;
				CLANG_WARN_EMPTY_BODY = YES;
				CLANG_WARN_ENUM_CONVERSION = YES;
				CLANG_WARN_INFINITE_RECURSION = YES;
				CLANG_WARN_INT_CONVERSION = YES;
				CLANG_WARN_NON_LITERAL_NULL_CONVERSION = YES;
				CLANG_WARN_OBJC_IMPLICIT_RETAIN_SELF = YES;
				CLANG_WARN_OBJC_LITERAL_CONVERSION = YES;
				CLANG_WARN_OBJC_ROOT_CLASS = YES_ERROR;
				CLANG_WARN_QUOTED_INCLUDE_IN_FRAMEWORK_HEADER = YES;
				CLANG_WARN_RANGE_LOOP_ANALYSIS = YES;
				CLANG_WARN_STRICT_PROTOTYPES = YES;
				CLANG_WARN_SUSPICIOUS_MOVE = YES;
				CLANG_WARN_UNGUARDED_AVAILABILITY = YES_AGGRESSIVE;
				CLANG_WARN_UNREACHABLE_CODE = YES;
				CLANG_WARN__DUPLICATE_METHOD_MATCH = YES;
				COPY_PHASE_STRIP = NO;
				DEBUG_INFORMATION_FORMAT = "dwarf-with-dsym";
				ENABLE_NS_ASSERTIONS = NO;
				ENABLE_STRICT_OBJC_MSGSEND = YES;
				GCC_C_LANGUAGE_STANDARD = gnu11;
				GCC_NO_COMMON_BLOCKS = YES;
				GCC_WARN_64_TO_32_BIT_CONVERSION = YES;
				GCC_WARN_ABOUT_RETURN_TYPE = YES_ERROR;
				GCC_WARN_UNDECLARED_SELECTOR = YES;
				GCC_WARN_UNINITIALIZED_AUTOS = YES_AGGRESSIVE;
				GCC_WARN_UNUSED_FUNCTION = YES;
				GCC_WARN_UNUSED_VARIABLE = YES;
				IPHONEOS_DEPLOYMENT_TARGET = 16.1;
				MTL_ENABLE_DEBUG_INFO = NO;
				MTL_FAST_MATH = YES;
				SDKROOT = iphoneos;
				SWIFT_COMPILATION_MODE = wholemodule;
				SWIFT_OPTIMIZATION_LEVEL = "-O";
				VALIDATE_PRODUCT = YES;
			};
			name = Release;
		};
		EEA09D6F2913B30F00FAFF53 /* Debug */ = {
			isa = XCBuildConfiguration;
			buildSettings = {
				ASSETCATALOG_COMPILER_APPICON_NAME = AppIcon;
				ASSETCATALOG_COMPILER_GLOBAL_ACCENT_COLOR_NAME = AccentColor;
				CODE_SIGN_STYLE = Automatic;
				CURRENT_PROJECT_VERSION = 1;
				DEVELOPMENT_ASSET_PATHS = "\"Hangman2/Resources/Preview Content\"";
				DEVELOPMENT_TEAM = NB2QYWV27L;
				ENABLE_PREVIEWS = YES;
				GENERATE_INFOPLIST_FILE = YES;
				INFOPLIST_FILE = "Hangman2/Supporting Files/Info.plist";
				INFOPLIST_KEY_UIApplicationSceneManifest_Generation = YES;
				INFOPLIST_KEY_UIApplicationSupportsIndirectInputEvents = YES;
				INFOPLIST_KEY_UILaunchScreen_Generation = YES;
				INFOPLIST_KEY_UIRequiresFullScreen = YES;
				INFOPLIST_KEY_UISupportedInterfaceOrientations = "UIInterfaceOrientationPortrait UIInterfaceOrientationPortraitUpsideDown";
				IPHONEOS_DEPLOYMENT_TARGET = 16.0;
				LD_RUNPATH_SEARCH_PATHS = (
					"$(inherited)",
					"@executable_path/Frameworks",
				);
				MARKETING_VERSION = 1.0;
				PRODUCT_BUNDLE_IDENTIFIER = vukovichrvoje.Hangman2;
				PRODUCT_NAME = "$(TARGET_NAME)";
				SUPPORTED_PLATFORMS = "iphoneos iphonesimulator";
				SUPPORTS_MACCATALYST = NO;
				SUPPORTS_MAC_DESIGNED_FOR_IPHONE_IPAD = NO;
				SWIFT_EMIT_LOC_STRINGS = YES;
				SWIFT_VERSION = 5.0;
				TARGETED_DEVICE_FAMILY = 1;
			};
			name = Debug;
		};
		EEA09D702913B30F00FAFF53 /* Release */ = {
			isa = XCBuildConfiguration;
			buildSettings = {
				ASSETCATALOG_COMPILER_APPICON_NAME = AppIcon;
				ASSETCATALOG_COMPILER_GLOBAL_ACCENT_COLOR_NAME = AccentColor;
				CODE_SIGN_STYLE = Automatic;
				CURRENT_PROJECT_VERSION = 1;
				DEVELOPMENT_ASSET_PATHS = "\"Hangman2/Resources/Preview Content\"";
				DEVELOPMENT_TEAM = NB2QYWV27L;
				ENABLE_PREVIEWS = YES;
				GENERATE_INFOPLIST_FILE = YES;
				INFOPLIST_FILE = "Hangman2/Supporting Files/Info.plist";
				INFOPLIST_KEY_UIApplicationSceneManifest_Generation = YES;
				INFOPLIST_KEY_UIApplicationSupportsIndirectInputEvents = YES;
				INFOPLIST_KEY_UILaunchScreen_Generation = YES;
				INFOPLIST_KEY_UIRequiresFullScreen = YES;
				INFOPLIST_KEY_UISupportedInterfaceOrientations = "UIInterfaceOrientationPortrait UIInterfaceOrientationPortraitUpsideDown";
				IPHONEOS_DEPLOYMENT_TARGET = 16.0;
				LD_RUNPATH_SEARCH_PATHS = (
					"$(inherited)",
					"@executable_path/Frameworks",
				);
				MARKETING_VERSION = 1.0;
				PRODUCT_BUNDLE_IDENTIFIER = vukovichrvoje.Hangman2;
				PRODUCT_NAME = "$(TARGET_NAME)";
				SUPPORTED_PLATFORMS = "iphoneos iphonesimulator";
				SUPPORTS_MACCATALYST = NO;
				SUPPORTS_MAC_DESIGNED_FOR_IPHONE_IPAD = NO;
				SWIFT_EMIT_LOC_STRINGS = YES;
				SWIFT_VERSION = 5.0;
				TARGETED_DEVICE_FAMILY = 1;
			};
			name = Release;
		};
/* End XCBuildConfiguration section */

/* Begin XCConfigurationList section */
		EEA09D5B2913B30E00FAFF53 /* Build configuration list for PBXProject "Hangman2" */ = {
			isa = XCConfigurationList;
			buildConfigurations = (
				EEA09D6C2913B30F00FAFF53 /* Debug */,
				EEA09D6D2913B30F00FAFF53 /* Release */,
			);
			defaultConfigurationIsVisible = 0;
			defaultConfigurationName = Release;
		};
		EEA09D6E2913B30F00FAFF53 /* Build configuration list for PBXNativeTarget "Hangman2" */ = {
			isa = XCConfigurationList;
			buildConfigurations = (
				EEA09D6F2913B30F00FAFF53 /* Debug */,
				EEA09D702913B30F00FAFF53 /* Release */,
			);
			defaultConfigurationIsVisible = 0;
			defaultConfigurationName = Release;
		};
/* End XCConfigurationList section */
	};
	rootObject = EEA09D582913B30E00FAFF53 /* Project object */;
}
