// !$*UTF8*$!
{
	archiveVersion = 1;
	classes = {
	};
	objectVersion = 56;
	objects = {

/* Begin PBXBuildFile section */
		BB2963232930FB93008D1154 /* AboutView.swift in Sources */ = {isa = PBXBuildFile; fileRef = BB2963222930FB93008D1154 /* AboutView.swift */; };
		BB29632529311E46008D1154 /* PatrickHand-Regular.ttf in Resources */ = {isa = PBXBuildFile; fileRef = BB29632429311E46008D1154 /* PatrickHand-Regular.ttf */; };
		BB343671292EBDDD0012FF81 /* Localizable.strings in Resources */ = {isa = PBXBuildFile; fileRef = BB343673292EBDDD0012FF81 /* Localizable.strings */; };
		BB3F540A2946778600337565 /* EmailComposerView.swift in Sources */ = {isa = PBXBuildFile; fileRef = BB3F54092946778600337565 /* EmailComposerView.swift */; };
		BB3F540C29467D4D00337565 /* EmailComposer.swift in Sources */ = {isa = PBXBuildFile; fileRef = BB3F540B29467D4D00337565 /* EmailComposer.swift */; };
		BB3F542629473C3500337565 /* Bundle+Informations.swift in Sources */ = {isa = PBXBuildFile; fileRef = BB3F542529473C3500337565 /* Bundle+Informations.swift */; };
		BB3F5428294765BB00337565 /* BackgroundImageView.swift in Sources */ = {isa = PBXBuildFile; fileRef = BB3F5427294765BB00337565 /* BackgroundImageView.swift */; };
		BB4B9976294A152A006DB2CF /* CommonModifiers2.swift in Sources */ = {isa = PBXBuildFile; fileRef = BB4B9975294A152A006DB2CF /* CommonModifiers2.swift */; };
		BB4B997A294A1FD4006DB2CF /* CommonModifiers1.swift in Sources */ = {isa = PBXBuildFile; fileRef = BB4B9979294A1FD4006DB2CF /* CommonModifiers1.swift */; };
		BB4F5726294E6E790072FFC9 /* HttpClient.swift in Sources */ = {isa = PBXBuildFile; fileRef = BB4F5725294E6E790072FFC9 /* HttpClient.swift */; };
		BB4F5728294E72BA0072FFC9 /* Networking.swift in Sources */ = {isa = PBXBuildFile; fileRef = BB4F5727294E72BA0072FFC9 /* Networking.swift */; };
		BB4F572C294E75E00072FFC9 /* Word.swift in Sources */ = {isa = PBXBuildFile; fileRef = BB4F572B294E75E00072FFC9 /* Word.swift */; };
		BB4F5734294E87DF0072FFC9 /* Route.swift in Sources */ = {isa = PBXBuildFile; fileRef = BB4F5733294E87DF0072FFC9 /* Route.swift */; };
		BB4FAB45294B62060060038A /* AnimatingNumberOverlay.swift in Sources */ = {isa = PBXBuildFile; fileRef = BB4FAB44294B62060060038A /* AnimatingNumberOverlay.swift */; };
		BB5ACC53292D05E300755A61 /* Language.swift in Sources */ = {isa = PBXBuildFile; fileRef = BB5ACC52292D05E300755A61 /* Language.swift */; };
		BB5ACC55292D05FD00755A61 /* GlobalSettings.swift in Sources */ = {isa = PBXBuildFile; fileRef = BB5ACC54292D05FD00755A61 /* GlobalSettings.swift */; };
		BB5ACC5F292D1BB900755A61 /* CustomNavigationView.swift in Sources */ = {isa = PBXBuildFile; fileRef = BB5ACC5E292D1BB900755A61 /* CustomNavigationView.swift */; };
		BB5ACC61292D20FB00755A61 /* ToggleRowView.swift in Sources */ = {isa = PBXBuildFile; fileRef = BB5ACC60292D20FB00755A61 /* ToggleRowView.swift */; };
		BB5ACC64292D235D00755A61 /* DisclosureRowView.swift in Sources */ = {isa = PBXBuildFile; fileRef = BB5ACC63292D235D00755A61 /* DisclosureRowView.swift */; };
		BB5ACC66292D243E00755A61 /* SectionHeaderView.swift in Sources */ = {isa = PBXBuildFile; fileRef = BB5ACC65292D243E00755A61 /* SectionHeaderView.swift */; };
		BB5ACC6A292D70F700755A61 /* WordsLanguageView.swift in Sources */ = {isa = PBXBuildFile; fileRef = BB5ACC69292D70F700755A61 /* WordsLanguageView.swift */; };
		BB5ACC6C292D7C7800755A61 /* CheckRowView.swift in Sources */ = {isa = PBXBuildFile; fileRef = BB5ACC6B292D7C7800755A61 /* CheckRowView.swift */; };
		BB5CF475293181BD00814D34 /* ShapeButton.swift in Sources */ = {isa = PBXBuildFile; fileRef = BB5CF474293181BD00814D34 /* ShapeButton.swift */; };
		BB5CF4772932559E00814D34 /* AppSettings.swift in Sources */ = {isa = PBXBuildFile; fileRef = BB5CF4762932559E00814D34 /* AppSettings.swift */; };
		BB5CF47A2932702B00814D34 /* HighScoresView.swift in Sources */ = {isa = PBXBuildFile; fileRef = BB5CF4792932702B00814D34 /* HighScoresView.swift */; };
		BB5D42722935051C0077C9E5 /* CircularProgressView.swift in Sources */ = {isa = PBXBuildFile; fileRef = BB5D42712935051C0077C9E5 /* CircularProgressView.swift */; };
		BB5D427429354C4D0077C9E5 /* SegmentedProgressView.swift in Sources */ = {isa = PBXBuildFile; fileRef = BB5D427329354C4D0077C9E5 /* SegmentedProgressView.swift */; };
		BB6E6B922948CBE900A4DF4D /* BackImageButton.swift in Sources */ = {isa = PBXBuildFile; fileRef = BB6E6B912948CBE900A4DF4D /* BackImageButton.swift */; };
		BB6E6B942948D3E200A4DF4D /* CharBox.swift in Sources */ = {isa = PBXBuildFile; fileRef = BB6E6B932948D3E200A4DF4D /* CharBox.swift */; };
		BB6E6B962949BA2100A4DF4D /* OverviewType.swift in Sources */ = {isa = PBXBuildFile; fileRef = BB6E6B952949BA2100A4DF4D /* OverviewType.swift */; };
		BB6E6BC02949C47400A4DF4D /* View+PostfixedSpacer.swift in Sources */ = {isa = PBXBuildFile; fileRef = BB6E6BBF2949C47400A4DF4D /* View+PostfixedSpacer.swift */; };
		BB71DC76291C62A3007B045D /* SettingsView.swift in Sources */ = {isa = PBXBuildFile; fileRef = BB71DC75291C62A3007B045D /* SettingsView.swift */; };
		BB71DC78291D49C8007B045D /* DifficultyView.swift in Sources */ = {isa = PBXBuildFile; fileRef = BB71DC77291D49C8007B045D /* DifficultyView.swift */; };
		BB78D9B1293AB12600E0319F /* ScoreColumnView.swift in Sources */ = {isa = PBXBuildFile; fileRef = BB78D9B0293AB12600E0319F /* ScoreColumnView.swift */; };
		BB78D9B3293AC46A00E0319F /* DifficultyRateView.swift in Sources */ = {isa = PBXBuildFile; fileRef = BB78D9B2293AC46A00E0319F /* DifficultyRateView.swift */; };
		BB78D9B5293B534700E0319F /* OverviewCardView.swift in Sources */ = {isa = PBXBuildFile; fileRef = BB78D9B4293B534700E0319F /* OverviewCardView.swift */; };
		BB78D9B8293B8D2C00E0319F /* GameView.swift in Sources */ = {isa = PBXBuildFile; fileRef = BB78D9B7293B8D2C00E0319F /* GameView.swift */; };
		BB7AE91C29565E4A003CE6FC /* ActivityIndicator.swift in Sources */ = {isa = PBXBuildFile; fileRef = BB7AE91B29565E4A003CE6FC /* ActivityIndicator.swift */; };
		BB7AE91F29579673003CE6FC /* WordCardView.swift in Sources */ = {isa = PBXBuildFile; fileRef = BB7AE91E29579673003CE6FC /* WordCardView.swift */; };
		BB7AE92329597E50003CE6FC /* WordsPopupView.swift in Sources */ = {isa = PBXBuildFile; fileRef = BB7AE92229597E50003CE6FC /* WordsPopupView.swift */; };
		BB7DEA7829432ED90035F6C8 /* DifficultyLevelsPopupView.swift in Sources */ = {isa = PBXBuildFile; fileRef = BB7DEA7729432ED90035F6C8 /* DifficultyLevelsPopupView.swift */; };
		BB7DEA7C2943DD190035F6C8 /* Theme.swift in Sources */ = {isa = PBXBuildFile; fileRef = BB7DEA7B2943DD190035F6C8 /* Theme.swift */; };
		BB7DEA7F2943E0610035F6C8 /* AppLanguageView.swift in Sources */ = {isa = PBXBuildFile; fileRef = BB7DEA7E2943E0610035F6C8 /* AppLanguageView.swift */; };
		BB7DEA812943F8F60035F6C8 /* InfoPopupView.swift in Sources */ = {isa = PBXBuildFile; fileRef = BB7DEA802943F8F60035F6C8 /* InfoPopupView.swift */; };
		BB7DEA8429448AA90035F6C8 /* CapsuleButton.swift in Sources */ = {isa = PBXBuildFile; fileRef = BB7DEA8329448AA90035F6C8 /* CapsuleButton.swift */; };
		BB7DF5E929662E5300914205 /* HighScoreModel.swift in Sources */ = {isa = PBXBuildFile; fileRef = BB7DF5E829662E5300914205 /* HighScoreModel.swift */; };
		BB7DF5EB2966315B00914205 /* HighScore+Extensions.swift in Sources */ = {isa = PBXBuildFile; fileRef = BB7DF5EA2966315B00914205 /* HighScore+Extensions.swift */; };
		BB7DF5F629670BCA00914205 /* WinRateCoreData.swift in Sources */ = {isa = PBXBuildFile; fileRef = BB7DF5F529670BCA00914205 /* WinRateCoreData.swift */; };
		BB7DF5F829670BE800914205 /* WinRateModel.swift in Sources */ = {isa = PBXBuildFile; fileRef = BB7DF5F729670BE800914205 /* WinRateModel.swift */; };
		BB7DF5FA29670CB500914205 /* WinRate+Extensions.swift in Sources */ = {isa = PBXBuildFile; fileRef = BB7DF5F929670CB500914205 /* WinRate+Extensions.swift */; };
		BB9DA85F2934E0560009B6BB /* Difficulty.swift in Sources */ = {isa = PBXBuildFile; fileRef = BB9DA85E2934E0560009B6BB /* Difficulty.swift */; };
		BB9DA8612934E9CA0009B6BB /* StatisticsView.swift in Sources */ = {isa = PBXBuildFile; fileRef = BB9DA8602934E9CA0009B6BB /* StatisticsView.swift */; };
		BB9ECB982946276C00FF460A /* ScrollViewIfNeeded.swift in Sources */ = {isa = PBXBuildFile; fileRef = BB9ECB972946276C00FF460A /* ScrollViewIfNeeded.swift */; };
		BBA5580A29507D960015F482 /* AppModel.swift in Sources */ = {isa = PBXBuildFile; fileRef = BBA5580929507D960015F482 /* AppModel.swift */; };
		BBA5C9882944DDF000369696 /* View+SpecificCornerRadius.swift in Sources */ = {isa = PBXBuildFile; fileRef = BBA5C9872944DDF000369696 /* View+SpecificCornerRadius.swift */; };
		BBA5C98A29451F6300369696 /* ConfirmPopupView.swift in Sources */ = {isa = PBXBuildFile; fileRef = BBA5C98929451F6300369696 /* ConfirmPopupView.swift */; };
		BBC2A9C2292CE15900388189 /* TextButton.swift in Sources */ = {isa = PBXBuildFile; fileRef = BBC2A9C1292CE15900388189 /* TextButton.swift */; };
		BBC3C8B22951FB970091F5FE /* WordService.swift in Sources */ = {isa = PBXBuildFile; fileRef = BBC3C8B12951FB970091F5FE /* WordService.swift */; };
		BBCE96F1292E69D300A9535D /* WordsListView.swift in Sources */ = {isa = PBXBuildFile; fileRef = BBCE96F0292E69D300A9535D /* WordsListView.swift */; };
		BBCF0006296321E100EBD871 /* GameInfoPopupView.swift in Sources */ = {isa = PBXBuildFile; fileRef = BBCF0005296321E100EBD871 /* GameInfoPopupView.swift */; };
		BBCF00082963711900EBD871 /* Letter.swift in Sources */ = {isa = PBXBuildFile; fileRef = BBCF00072963711900EBD871 /* Letter.swift */; };
		BBCF000A29641CE900EBD871 /* String+Whitespaces.swift in Sources */ = {isa = PBXBuildFile; fileRef = BBCF000929641CE900EBD871 /* String+Whitespaces.swift */; };
		BBDA270029489F2000E610D2 /* ConditionalViewModifier.swift in Sources */ = {isa = PBXBuildFile; fileRef = BBDA26FF29489F2000E610D2 /* ConditionalViewModifier.swift */; };
		BBDE34AD295DAF7700ED4D9B /* Game.swift in Sources */ = {isa = PBXBuildFile; fileRef = BBDE34AC295DAF7700ED4D9B /* Game.swift */; };
		BBDE41232940C0340052D13D /* CroatianKeyboardView.swift in Sources */ = {isa = PBXBuildFile; fileRef = BBDE41222940C0340052D13D /* CroatianKeyboardView.swift */; };
		BBDE41252940C4410052D13D /* EnglishKeyboardView.swift in Sources */ = {isa = PBXBuildFile; fileRef = BBDE41242940C4410052D13D /* EnglishKeyboardView.swift */; };
		BBDE41292941311C0052D13D /* PopupViewModifier.swift in Sources */ = {isa = PBXBuildFile; fileRef = BBDE41282941311C0052D13D /* PopupViewModifier.swift */; };
		BBDE4144294228EE0052D13D /* ScoringSystemPopupView.swift in Sources */ = {isa = PBXBuildFile; fileRef = BBDE4143294228EE0052D13D /* ScoringSystemPopupView.swift */; };
		BBDE4146294286E50052D13D /* HighScoresPopupView.swift in Sources */ = {isa = PBXBuildFile; fileRef = BBDE4145294286E50052D13D /* HighScoresPopupView.swift */; };
		BBF64FC82964BF9300A8F6BF /* DataModel.xcdatamodeld in Sources */ = {isa = PBXBuildFile; fileRef = BBF64FC62964BF9300A8F6BF /* DataModel.xcdatamodeld */; };
		BBF64FCA2964C10900A8F6BF /* CoreDataManager.swift in Sources */ = {isa = PBXBuildFile; fileRef = BBF64FC92964C10900A8F6BF /* CoreDataManager.swift */; };
		BBF64FF32965907400A8F6BF /* HighScoreCoreData.swift in Sources */ = {isa = PBXBuildFile; fileRef = BBF64FF22965907400A8F6BF /* HighScoreCoreData.swift */; };
		EE3623022913E4980088943C /* Preview Assets.xcassets in Resources */ = {isa = PBXBuildFile; fileRef = EE3623012913E4980088943C /* Preview Assets.xcassets */; };
		EE96E5422913BC20000EBC08 /* Constants.swift in Sources */ = {isa = PBXBuildFile; fileRef = EE96E5412913BC20000EBC08 /* Constants.swift */; };
		EE96E5452913DB09000EBC08 /* Another Danger - Demo.otf in Resources */ = {isa = PBXBuildFile; fileRef = EE96E5442913DB08000EBC08 /* Another Danger - Demo.otf */; };
		EEA09D642913B30E00FAFF53 /* Hangman2App.swift in Sources */ = {isa = PBXBuildFile; fileRef = EEA09D632913B30E00FAFF53 /* Hangman2App.swift */; };
		EEA09D662913B30E00FAFF53 /* StartView.swift in Sources */ = {isa = PBXBuildFile; fileRef = EEA09D652913B30E00FAFF53 /* StartView.swift */; };
		EEA09D682913B30F00FAFF53 /* Assets.xcassets in Resources */ = {isa = PBXBuildFile; fileRef = EEA09D672913B30F00FAFF53 /* Assets.xcassets */; };
/* End PBXBuildFile section */

/* Begin PBXFileReference section */
		BB2963222930FB93008D1154 /* AboutView.swift */ = {isa = PBXFileReference; lastKnownFileType = sourcecode.swift; path = AboutView.swift; sourceTree = "<group>"; };
		BB29632429311E46008D1154 /* PatrickHand-Regular.ttf */ = {isa = PBXFileReference; lastKnownFileType = file; path = "PatrickHand-Regular.ttf"; sourceTree = "<group>"; };
		BB343672292EBDDD0012FF81 /* en */ = {isa = PBXFileReference; lastKnownFileType = text.plist.strings; name = en; path = en.lproj/Localizable.strings; sourceTree = "<group>"; };
		BB343674292EBDE30012FF81 /* hr */ = {isa = PBXFileReference; lastKnownFileType = text.plist.strings; name = hr; path = hr.lproj/Localizable.strings; sourceTree = "<group>"; };
		BB3F54092946778600337565 /* EmailComposerView.swift */ = {isa = PBXFileReference; lastKnownFileType = sourcecode.swift; path = EmailComposerView.swift; sourceTree = "<group>"; };
		BB3F540B29467D4D00337565 /* EmailComposer.swift */ = {isa = PBXFileReference; lastKnownFileType = sourcecode.swift; path = EmailComposer.swift; sourceTree = "<group>"; };
		BB3F542529473C3500337565 /* Bundle+Informations.swift */ = {isa = PBXFileReference; lastKnownFileType = sourcecode.swift; path = "Bundle+Informations.swift"; sourceTree = "<group>"; };
		BB3F5427294765BB00337565 /* BackgroundImageView.swift */ = {isa = PBXFileReference; lastKnownFileType = sourcecode.swift; path = BackgroundImageView.swift; sourceTree = "<group>"; };
		BB4B9975294A152A006DB2CF /* CommonModifiers2.swift */ = {isa = PBXFileReference; lastKnownFileType = sourcecode.swift; path = CommonModifiers2.swift; sourceTree = "<group>"; };
		BB4B9979294A1FD4006DB2CF /* CommonModifiers1.swift */ = {isa = PBXFileReference; lastKnownFileType = sourcecode.swift; path = CommonModifiers1.swift; sourceTree = "<group>"; };
		BB4F5725294E6E790072FFC9 /* HttpClient.swift */ = {isa = PBXFileReference; lastKnownFileType = sourcecode.swift; path = HttpClient.swift; sourceTree = "<group>"; };
		BB4F5727294E72BA0072FFC9 /* Networking.swift */ = {isa = PBXFileReference; lastKnownFileType = sourcecode.swift; path = Networking.swift; sourceTree = "<group>"; };
		BB4F572B294E75E00072FFC9 /* Word.swift */ = {isa = PBXFileReference; lastKnownFileType = sourcecode.swift; path = Word.swift; sourceTree = "<group>"; };
		BB4F5733294E87DF0072FFC9 /* Route.swift */ = {isa = PBXFileReference; lastKnownFileType = sourcecode.swift; path = Route.swift; sourceTree = "<group>"; };
		BB4FAB44294B62060060038A /* AnimatingNumberOverlay.swift */ = {isa = PBXFileReference; lastKnownFileType = sourcecode.swift; path = AnimatingNumberOverlay.swift; sourceTree = "<group>"; };
		BB5ACC52292D05E300755A61 /* Language.swift */ = {isa = PBXFileReference; lastKnownFileType = sourcecode.swift; path = Language.swift; sourceTree = "<group>"; };
		BB5ACC54292D05FD00755A61 /* GlobalSettings.swift */ = {isa = PBXFileReference; lastKnownFileType = sourcecode.swift; path = GlobalSettings.swift; sourceTree = "<group>"; };
		BB5ACC5E292D1BB900755A61 /* CustomNavigationView.swift */ = {isa = PBXFileReference; lastKnownFileType = sourcecode.swift; path = CustomNavigationView.swift; sourceTree = "<group>"; };
		BB5ACC60292D20FB00755A61 /* ToggleRowView.swift */ = {isa = PBXFileReference; lastKnownFileType = sourcecode.swift; path = ToggleRowView.swift; sourceTree = "<group>"; };
		BB5ACC63292D235D00755A61 /* DisclosureRowView.swift */ = {isa = PBXFileReference; lastKnownFileType = sourcecode.swift; path = DisclosureRowView.swift; sourceTree = "<group>"; };
		BB5ACC65292D243E00755A61 /* SectionHeaderView.swift */ = {isa = PBXFileReference; lastKnownFileType = sourcecode.swift; path = SectionHeaderView.swift; sourceTree = "<group>"; };
		BB5ACC69292D70F700755A61 /* WordsLanguageView.swift */ = {isa = PBXFileReference; lastKnownFileType = sourcecode.swift; path = WordsLanguageView.swift; sourceTree = "<group>"; };
		BB5ACC6B292D7C7800755A61 /* CheckRowView.swift */ = {isa = PBXFileReference; lastKnownFileType = sourcecode.swift; path = CheckRowView.swift; sourceTree = "<group>"; };
		BB5CF474293181BD00814D34 /* ShapeButton.swift */ = {isa = PBXFileReference; lastKnownFileType = sourcecode.swift; path = ShapeButton.swift; sourceTree = "<group>"; };
		BB5CF4762932559E00814D34 /* AppSettings.swift */ = {isa = PBXFileReference; lastKnownFileType = sourcecode.swift; path = AppSettings.swift; sourceTree = "<group>"; };
		BB5CF4792932702B00814D34 /* HighScoresView.swift */ = {isa = PBXFileReference; lastKnownFileType = sourcecode.swift; path = HighScoresView.swift; sourceTree = "<group>"; };
		BB5D42712935051C0077C9E5 /* CircularProgressView.swift */ = {isa = PBXFileReference; lastKnownFileType = sourcecode.swift; path = CircularProgressView.swift; sourceTree = "<group>"; };
		BB5D427329354C4D0077C9E5 /* SegmentedProgressView.swift */ = {isa = PBXFileReference; lastKnownFileType = sourcecode.swift; path = SegmentedProgressView.swift; sourceTree = "<group>"; };
		BB6E6B912948CBE900A4DF4D /* BackImageButton.swift */ = {isa = PBXFileReference; lastKnownFileType = sourcecode.swift; path = BackImageButton.swift; sourceTree = "<group>"; };
		BB6E6B932948D3E200A4DF4D /* CharBox.swift */ = {isa = PBXFileReference; lastKnownFileType = sourcecode.swift; path = CharBox.swift; sourceTree = "<group>"; };
		BB6E6B952949BA2100A4DF4D /* OverviewType.swift */ = {isa = PBXFileReference; lastKnownFileType = sourcecode.swift; path = OverviewType.swift; sourceTree = "<group>"; };
		BB6E6BBF2949C47400A4DF4D /* View+PostfixedSpacer.swift */ = {isa = PBXFileReference; lastKnownFileType = sourcecode.swift; path = "View+PostfixedSpacer.swift"; sourceTree = "<group>"; };
		BB71DC75291C62A3007B045D /* SettingsView.swift */ = {isa = PBXFileReference; lastKnownFileType = sourcecode.swift; path = SettingsView.swift; sourceTree = "<group>"; };
		BB71DC77291D49C8007B045D /* DifficultyView.swift */ = {isa = PBXFileReference; lastKnownFileType = sourcecode.swift; path = DifficultyView.swift; sourceTree = "<group>"; };
		BB78D9B0293AB12600E0319F /* ScoreColumnView.swift */ = {isa = PBXFileReference; lastKnownFileType = sourcecode.swift; path = ScoreColumnView.swift; sourceTree = "<group>"; };
		BB78D9B2293AC46A00E0319F /* DifficultyRateView.swift */ = {isa = PBXFileReference; lastKnownFileType = sourcecode.swift; path = DifficultyRateView.swift; sourceTree = "<group>"; };
		BB78D9B4293B534700E0319F /* OverviewCardView.swift */ = {isa = PBXFileReference; lastKnownFileType = sourcecode.swift; path = OverviewCardView.swift; sourceTree = "<group>"; };
		BB78D9B7293B8D2C00E0319F /* GameView.swift */ = {isa = PBXFileReference; lastKnownFileType = sourcecode.swift; path = GameView.swift; sourceTree = "<group>"; };
		BB7AE91B29565E4A003CE6FC /* ActivityIndicator.swift */ = {isa = PBXFileReference; lastKnownFileType = sourcecode.swift; path = ActivityIndicator.swift; sourceTree = "<group>"; };
		BB7AE91E29579673003CE6FC /* WordCardView.swift */ = {isa = PBXFileReference; lastKnownFileType = sourcecode.swift; path = WordCardView.swift; sourceTree = "<group>"; };
		BB7AE92229597E50003CE6FC /* WordsPopupView.swift */ = {isa = PBXFileReference; lastKnownFileType = sourcecode.swift; path = WordsPopupView.swift; sourceTree = "<group>"; };
		BB7DEA7729432ED90035F6C8 /* DifficultyLevelsPopupView.swift */ = {isa = PBXFileReference; lastKnownFileType = sourcecode.swift; path = DifficultyLevelsPopupView.swift; sourceTree = "<group>"; };
		BB7DEA7B2943DD190035F6C8 /* Theme.swift */ = {isa = PBXFileReference; lastKnownFileType = sourcecode.swift; path = Theme.swift; sourceTree = "<group>"; };
		BB7DEA7E2943E0610035F6C8 /* AppLanguageView.swift */ = {isa = PBXFileReference; lastKnownFileType = sourcecode.swift; path = AppLanguageView.swift; sourceTree = "<group>"; };
		BB7DEA802943F8F60035F6C8 /* InfoPopupView.swift */ = {isa = PBXFileReference; lastKnownFileType = sourcecode.swift; path = InfoPopupView.swift; sourceTree = "<group>"; };
		BB7DEA8329448AA90035F6C8 /* CapsuleButton.swift */ = {isa = PBXFileReference; lastKnownFileType = sourcecode.swift; path = CapsuleButton.swift; sourceTree = "<group>"; };
		BB7DF5E829662E5300914205 /* HighScoreModel.swift */ = {isa = PBXFileReference; lastKnownFileType = sourcecode.swift; path = HighScoreModel.swift; sourceTree = "<group>"; };
		BB7DF5EA2966315B00914205 /* HighScore+Extensions.swift */ = {isa = PBXFileReference; lastKnownFileType = sourcecode.swift; path = "HighScore+Extensions.swift"; sourceTree = "<group>"; };
		BB7DF5F529670BCA00914205 /* WinRateCoreData.swift */ = {isa = PBXFileReference; lastKnownFileType = sourcecode.swift; path = WinRateCoreData.swift; sourceTree = "<group>"; };
		BB7DF5F729670BE800914205 /* WinRateModel.swift */ = {isa = PBXFileReference; lastKnownFileType = sourcecode.swift; path = WinRateModel.swift; sourceTree = "<group>"; };
		BB7DF5F929670CB500914205 /* WinRate+Extensions.swift */ = {isa = PBXFileReference; lastKnownFileType = sourcecode.swift; path = "WinRate+Extensions.swift"; sourceTree = "<group>"; };
		BB9DA85E2934E0560009B6BB /* Difficulty.swift */ = {isa = PBXFileReference; lastKnownFileType = sourcecode.swift; path = Difficulty.swift; sourceTree = "<group>"; };
		BB9DA8602934E9CA0009B6BB /* StatisticsView.swift */ = {isa = PBXFileReference; lastKnownFileType = sourcecode.swift; path = StatisticsView.swift; sourceTree = "<group>"; };
		BB9ECB972946276C00FF460A /* ScrollViewIfNeeded.swift */ = {isa = PBXFileReference; lastKnownFileType = sourcecode.swift; path = ScrollViewIfNeeded.swift; sourceTree = "<group>"; };
		BBA5580929507D960015F482 /* AppModel.swift */ = {isa = PBXFileReference; lastKnownFileType = sourcecode.swift; path = AppModel.swift; sourceTree = "<group>"; };
		BBA5C9872944DDF000369696 /* View+SpecificCornerRadius.swift */ = {isa = PBXFileReference; lastKnownFileType = sourcecode.swift; path = "View+SpecificCornerRadius.swift"; sourceTree = "<group>"; };
		BBA5C98929451F6300369696 /* ConfirmPopupView.swift */ = {isa = PBXFileReference; lastKnownFileType = sourcecode.swift; path = ConfirmPopupView.swift; sourceTree = "<group>"; };
		BBC2A9C1292CE15900388189 /* TextButton.swift */ = {isa = PBXFileReference; lastKnownFileType = sourcecode.swift; path = TextButton.swift; sourceTree = "<group>"; };
		BBC3C8B12951FB970091F5FE /* WordService.swift */ = {isa = PBXFileReference; lastKnownFileType = sourcecode.swift; path = WordService.swift; sourceTree = "<group>"; };
		BBCC5EFA294D0BC800CC4051 /* Hangman2.entitlements */ = {isa = PBXFileReference; lastKnownFileType = text.plist.entitlements; path = Hangman2.entitlements; sourceTree = "<group>"; };
		BBCE96F0292E69D300A9535D /* WordsListView.swift */ = {isa = PBXFileReference; lastKnownFileType = sourcecode.swift; path = WordsListView.swift; sourceTree = "<group>"; };
		BBCF0005296321E100EBD871 /* GameInfoPopupView.swift */ = {isa = PBXFileReference; lastKnownFileType = sourcecode.swift; path = GameInfoPopupView.swift; sourceTree = "<group>"; };
		BBCF00072963711900EBD871 /* Letter.swift */ = {isa = PBXFileReference; lastKnownFileType = sourcecode.swift; path = Letter.swift; sourceTree = "<group>"; };
		BBCF000929641CE900EBD871 /* String+Whitespaces.swift */ = {isa = PBXFileReference; lastKnownFileType = sourcecode.swift; path = "String+Whitespaces.swift"; sourceTree = "<group>"; };
		BBDA26FF29489F2000E610D2 /* ConditionalViewModifier.swift */ = {isa = PBXFileReference; lastKnownFileType = sourcecode.swift; path = ConditionalViewModifier.swift; sourceTree = "<group>"; };
		BBDE34AC295DAF7700ED4D9B /* Game.swift */ = {isa = PBXFileReference; lastKnownFileType = sourcecode.swift; path = Game.swift; sourceTree = "<group>"; };
		BBDE41222940C0340052D13D /* CroatianKeyboardView.swift */ = {isa = PBXFileReference; lastKnownFileType = sourcecode.swift; path = CroatianKeyboardView.swift; sourceTree = "<group>"; };
		BBDE41242940C4410052D13D /* EnglishKeyboardView.swift */ = {isa = PBXFileReference; lastKnownFileType = sourcecode.swift; path = EnglishKeyboardView.swift; sourceTree = "<group>"; };
		BBDE41282941311C0052D13D /* PopupViewModifier.swift */ = {isa = PBXFileReference; lastKnownFileType = sourcecode.swift; path = PopupViewModifier.swift; sourceTree = "<group>"; };
		BBDE4143294228EE0052D13D /* ScoringSystemPopupView.swift */ = {isa = PBXFileReference; lastKnownFileType = sourcecode.swift; path = ScoringSystemPopupView.swift; sourceTree = "<group>"; };
		BBDE4145294286E50052D13D /* HighScoresPopupView.swift */ = {isa = PBXFileReference; lastKnownFileType = sourcecode.swift; path = HighScoresPopupView.swift; sourceTree = "<group>"; };
		BBF64FC72964BF9300A8F6BF /* DataModel.xcdatamodel */ = {isa = PBXFileReference; lastKnownFileType = wrapper.xcdatamodel; path = DataModel.xcdatamodel; sourceTree = "<group>"; };
		BBF64FC92964C10900A8F6BF /* CoreDataManager.swift */ = {isa = PBXFileReference; lastKnownFileType = sourcecode.swift; path = CoreDataManager.swift; sourceTree = "<group>"; };
		BBF64FF22965907400A8F6BF /* HighScoreCoreData.swift */ = {isa = PBXFileReference; lastKnownFileType = sourcecode.swift; path = HighScoreCoreData.swift; sourceTree = "<group>"; };
		EE3623012913E4980088943C /* Preview Assets.xcassets */ = {isa = PBXFileReference; lastKnownFileType = folder.assetcatalog; path = "Preview Assets.xcassets"; sourceTree = "<group>"; };
		EE96E5412913BC20000EBC08 /* Constants.swift */ = {isa = PBXFileReference; lastKnownFileType = sourcecode.swift; path = Constants.swift; sourceTree = "<group>"; };
		EE96E5442913DB08000EBC08 /* Another Danger - Demo.otf */ = {isa = PBXFileReference; lastKnownFileType = file; path = "Another Danger - Demo.otf"; sourceTree = "<group>"; };
		EE96E5472913DB45000EBC08 /* Info.plist */ = {isa = PBXFileReference; lastKnownFileType = text.plist.xml; path = Info.plist; sourceTree = "<group>"; };
		EEA09D602913B30E00FAFF53 /* Hangman2.app */ = {isa = PBXFileReference; explicitFileType = wrapper.application; includeInIndex = 0; path = Hangman2.app; sourceTree = BUILT_PRODUCTS_DIR; };
		EEA09D632913B30E00FAFF53 /* Hangman2App.swift */ = {isa = PBXFileReference; lastKnownFileType = sourcecode.swift; path = Hangman2App.swift; sourceTree = "<group>"; };
		EEA09D652913B30E00FAFF53 /* StartView.swift */ = {isa = PBXFileReference; lastKnownFileType = sourcecode.swift; path = StartView.swift; sourceTree = "<group>"; };
		EEA09D672913B30F00FAFF53 /* Assets.xcassets */ = {isa = PBXFileReference; lastKnownFileType = folder.assetcatalog; path = Assets.xcassets; sourceTree = "<group>"; };
/* End PBXFileReference section */

/* Begin PBXFrameworksBuildPhase section */
		EEA09D5D2913B30E00FAFF53 /* Frameworks */ = {
			isa = PBXFrameworksBuildPhase;
			buildActionMask = 2147483647;
			files = (
			);
			runOnlyForDeploymentPostprocessing = 0;
		};
/* End PBXFrameworksBuildPhase section */

/* Begin PBXGroup section */
		BB4B997D294A76BF006DB2CF /* CommonModifiers */ = {
			isa = PBXGroup;
			children = (
				BB4B9979294A1FD4006DB2CF /* CommonModifiers1.swift */,
				BB4B9975294A152A006DB2CF /* CommonModifiers2.swift */,
			);
			path = CommonModifiers;
			sourceTree = "<group>";
		};
		BB4F5724294E4CCC0072FFC9 /* Network */ = {
			isa = PBXGroup;
			children = (
				BBC3C8B12951FB970091F5FE /* WordService.swift */,
				BB4F5733294E87DF0072FFC9 /* Route.swift */,
				BB4F5727294E72BA0072FFC9 /* Networking.swift */,
				BB4F5725294E6E790072FFC9 /* HttpClient.swift */,
			);
			path = Network;
			sourceTree = "<group>";
		};
		BB4F5735294F065B0072FFC9 /* App */ = {
			isa = PBXGroup;
			children = (
				EEA09D632913B30E00FAFF53 /* Hangman2App.swift */,
				BBA5580929507D960015F482 /* AppModel.swift */,
			);
			path = App;
			sourceTree = "<group>";
		};
		BB4F5736294F06680072FFC9 /* Start */ = {
			isa = PBXGroup;
			children = (
				EEA09D652913B30E00FAFF53 /* StartView.swift */,
			);
			path = Start;
			sourceTree = "<group>";
		};
		BB5ACC4E292D059000755A61 /* Extensions */ = {
			isa = PBXGroup;
			children = (
				BB3F542529473C3500337565 /* Bundle+Informations.swift */,
				BBA5C9872944DDF000369696 /* View+SpecificCornerRadius.swift */,
				BB6E6BBF2949C47400A4DF4D /* View+PostfixedSpacer.swift */,
				BBCF000929641CE900EBD871 /* String+Whitespaces.swift */,
			);
			path = Extensions;
			sourceTree = "<group>";
		};
		BB5ACC51292D05CD00755A61 /* Model */ = {
			isa = PBXGroup;
			children = (
				BB9DA85E2934E0560009B6BB /* Difficulty.swift */,
				BB5ACC52292D05E300755A61 /* Language.swift */,
				BB7DEA7B2943DD190035F6C8 /* Theme.swift */,
				BB6E6B952949BA2100A4DF4D /* OverviewType.swift */,
				BB4F572B294E75E00072FFC9 /* Word.swift */,
				BBDE34AC295DAF7700ED4D9B /* Game.swift */,
				BBCF00072963711900EBD871 /* Letter.swift */,
			);
			path = Model;
			sourceTree = "<group>";
		};
		BB5ACC62292D234500755A61 /* Rows */ = {
			isa = PBXGroup;
			children = (
				BB5ACC63292D235D00755A61 /* DisclosureRowView.swift */,
				BB5ACC60292D20FB00755A61 /* ToggleRowView.swift */,
				BB5ACC6B292D7C7800755A61 /* CheckRowView.swift */,
			);
			path = Rows;
			sourceTree = "<group>";
		};
		BB7AE91D29579636003CE6FC /* Words */ = {
			isa = PBXGroup;
			children = (
				BBCE96F0292E69D300A9535D /* WordsListView.swift */,
				BB7AE91E29579673003CE6FC /* WordCardView.swift */,
				BB7AE92229597E50003CE6FC /* WordsPopupView.swift */,
			);
			path = Words;
			sourceTree = "<group>";
		};
		BB7DEA7D2943E01E0035F6C8 /* Language */ = {
			isa = PBXGroup;
			children = (
				BB7DEA7E2943E0610035F6C8 /* AppLanguageView.swift */,
				BB5ACC69292D70F700755A61 /* WordsLanguageView.swift */,
			);
			path = Language;
			sourceTree = "<group>";
		};
		BB7DEA8229448A430035F6C8 /* Buttons */ = {
			isa = PBXGroup;
			children = (
				BB6E6B912948CBE900A4DF4D /* BackImageButton.swift */,
				BB7DEA8329448AA90035F6C8 /* CapsuleButton.swift */,
				BB5CF474293181BD00814D34 /* ShapeButton.swift */,
				BBC2A9C1292CE15900388189 /* TextButton.swift */,
			);
			path = Buttons;
			sourceTree = "<group>";
		};
		BB7DF5EC2966328000914205 /* High Scores */ = {
			isa = PBXGroup;
			children = (
				BBF64FF22965907400A8F6BF /* HighScoreCoreData.swift */,
				BB7DF5E829662E5300914205 /* HighScoreModel.swift */,
				BB7DF5EA2966315B00914205 /* HighScore+Extensions.swift */,
			);
			path = "High Scores";
			sourceTree = "<group>";
		};
		BB7DF5F429670B6F00914205 /* Win Rate */ = {
			isa = PBXGroup;
			children = (
				BB7DF5F529670BCA00914205 /* WinRateCoreData.swift */,
				BB7DF5F729670BE800914205 /* WinRateModel.swift */,
				BB7DF5F929670CB500914205 /* WinRate+Extensions.swift */,
			);
			path = "Win Rate";
			sourceTree = "<group>";
		};
		BB9ECB962946274D00FF460A /* Modifiers */ = {
			isa = PBXGroup;
			children = (
				BB4B997D294A76BF006DB2CF /* CommonModifiers */,
				BB4FAB44294B62060060038A /* AnimatingNumberOverlay.swift */,
				BBDA26FF29489F2000E610D2 /* ConditionalViewModifier.swift */,
				BB3F540B29467D4D00337565 /* EmailComposer.swift */,
				BBDE41282941311C0052D13D /* PopupViewModifier.swift */,
				BB9ECB972946276C00FF460A /* ScrollViewIfNeeded.swift */,
			);
			path = Modifiers;
			sourceTree = "<group>";
		};
		BBDA26F82947D5CA00E610D2 /* Reused */ = {
			isa = PBXGroup;
			children = (
				BB7DEA8229448A430035F6C8 /* Buttons */,
				BB5ACC62292D234500755A61 /* Rows */,
				BB7AE91B29565E4A003CE6FC /* ActivityIndicator.swift */,
				BB3F5427294765BB00337565 /* BackgroundImageView.swift */,
				BB5ACC5E292D1BB900755A61 /* CustomNavigationView.swift */,
				BB7DEA802943F8F60035F6C8 /* InfoPopupView.swift */,
				BB5ACC65292D243E00755A61 /* SectionHeaderView.swift */,
			);
			path = Reused;
			sourceTree = "<group>";
		};
		BBDA26F92947DBDA00E610D2 /* Views */ = {
			isa = PBXGroup;
			children = (
				EE96E5492913E45A000EBC08 /* Screens */,
				BBDA26F82947D5CA00E610D2 /* Reused */,
			);
			path = Views;
			sourceTree = "<group>";
		};
		BBDA26FA29487B3B00E610D2 /* Game */ = {
			isa = PBXGroup;
			children = (
				BB78D9B7293B8D2C00E0319F /* GameView.swift */,
				BBA5C98929451F6300369696 /* ConfirmPopupView.swift */,
				BBDE4143294228EE0052D13D /* ScoringSystemPopupView.swift */,
				BBCF0005296321E100EBD871 /* GameInfoPopupView.swift */,
				BBDE41212940C01B0052D13D /* Keybords */,
			);
			path = Game;
			sourceTree = "<group>";
		};
		BBDA26FB29487B6900E610D2 /* Difficulty */ = {
			isa = PBXGroup;
			children = (
				BB71DC77291D49C8007B045D /* DifficultyView.swift */,
				BB7DEA7729432ED90035F6C8 /* DifficultyLevelsPopupView.swift */,
			);
			path = Difficulty;
			sourceTree = "<group>";
		};
		BBDA26FC29487B8500E610D2 /* High Scores */ = {
			isa = PBXGroup;
			children = (
				BB5CF4792932702B00814D34 /* HighScoresView.swift */,
				BBDE4145294286E50052D13D /* HighScoresPopupView.swift */,
				BB78D9B0293AB12600E0319F /* ScoreColumnView.swift */,
			);
			path = "High Scores";
			sourceTree = "<group>";
		};
		BBDA26FD29487BB900E610D2 /* Statistics */ = {
			isa = PBXGroup;
			children = (
				BB9DA8602934E9CA0009B6BB /* StatisticsView.swift */,
				BB5D42712935051C0077C9E5 /* CircularProgressView.swift */,
				BB78D9B2293AC46A00E0319F /* DifficultyRateView.swift */,
				BB78D9B4293B534700E0319F /* OverviewCardView.swift */,
				BB5D427329354C4D0077C9E5 /* SegmentedProgressView.swift */,
			);
			path = Statistics;
			sourceTree = "<group>";
		};
		BBDA26FE29487BF200E610D2 /* About */ = {
			isa = PBXGroup;
			children = (
				BB2963222930FB93008D1154 /* AboutView.swift */,
				BB3F54092946778600337565 /* EmailComposerView.swift */,
			);
			path = About;
			sourceTree = "<group>";
		};
		BBDBBA25292CFFA100BB3B8C /* Settings */ = {
			isa = PBXGroup;
			children = (
				BB71DC75291C62A3007B045D /* SettingsView.swift */,
				BBDA26FB29487B6900E610D2 /* Difficulty */,
				BB7DEA7D2943E01E0035F6C8 /* Language */,
				BB7AE91D29579636003CE6FC /* Words */,
			);
			path = Settings;
			sourceTree = "<group>";
		};
		BBDE41212940C01B0052D13D /* Keybords */ = {
			isa = PBXGroup;
			children = (
				BBDE41222940C0340052D13D /* CroatianKeyboardView.swift */,
				BBDE41242940C4410052D13D /* EnglishKeyboardView.swift */,
				BB6E6B932948D3E200A4DF4D /* CharBox.swift */,
			);
			path = Keybords;
			sourceTree = "<group>";
		};
		BBF64FC52964BEDC00A8F6BF /* Core Data */ = {
			isa = PBXGroup;
			children = (
				BBF64FC62964BF9300A8F6BF /* DataModel.xcdatamodeld */,
				BBF64FC92964C10900A8F6BF /* CoreDataManager.swift */,
				BB7DF5EC2966328000914205 /* High Scores */,
				BB7DF5F429670B6F00914205 /* Win Rate */,
			);
			path = "Core Data";
			sourceTree = "<group>";
		};
		EE3623002913E4980088943C /* Preview Content */ = {
			isa = PBXGroup;
			children = (
				EE3623012913E4980088943C /* Preview Assets.xcassets */,
			);
			path = "Preview Content";
			sourceTree = "<group>";
		};
		EE96E5402913BC13000EBC08 /* Configuration */ = {
			isa = PBXGroup;
			children = (
				EE96E5412913BC20000EBC08 /* Constants.swift */,
				BB5ACC54292D05FD00755A61 /* GlobalSettings.swift */,
				BB5CF4762932559E00814D34 /* AppSettings.swift */,
			);
			path = Configuration;
			sourceTree = "<group>";
		};
		EE96E5432913DAC9000EBC08 /* Resources */ = {
			isa = PBXGroup;
			children = (
				EE96E5462913DB0F000EBC08 /* Fonts */,
				EE3623002913E4980088943C /* Preview Content */,
				EEA09D672913B30F00FAFF53 /* Assets.xcassets */,
				BB343673292EBDDD0012FF81 /* Localizable.strings */,
			);
			path = Resources;
			sourceTree = "<group>";
		};
		EE96E5462913DB0F000EBC08 /* Fonts */ = {
			isa = PBXGroup;
			children = (
				BB29632429311E46008D1154 /* PatrickHand-Regular.ttf */,
				EE96E5442913DB08000EBC08 /* Another Danger - Demo.otf */,
			);
			path = Fonts;
			sourceTree = "<group>";
		};
		EE96E5482913E3CB000EBC08 /* Supporting Files */ = {
			isa = PBXGroup;
			children = (
				BBCC5EFA294D0BC800CC4051 /* Hangman2.entitlements */,
				EE96E5472913DB45000EBC08 /* Info.plist */,
			);
			path = "Supporting Files";
			sourceTree = "<group>";
		};
		EE96E5492913E45A000EBC08 /* Screens */ = {
			isa = PBXGroup;
			children = (
				BB4F5736294F06680072FFC9 /* Start */,
				BBDA26FA29487B3B00E610D2 /* Game */,
				BBDA26FC29487B8500E610D2 /* High Scores */,
				BBDA26FD29487BB900E610D2 /* Statistics */,
				BBDA26FE29487BF200E610D2 /* About */,
				BBDBBA25292CFFA100BB3B8C /* Settings */,
			);
			path = Screens;
			sourceTree = "<group>";
		};
		EEA09D572913B30E00FAFF53 = {
			isa = PBXGroup;
			children = (
				EEA09D622913B30E00FAFF53 /* Hangman2 */,
				EEA09D612913B30E00FAFF53 /* Products */,
			);
			sourceTree = "<group>";
		};
		EEA09D612913B30E00FAFF53 /* Products */ = {
			isa = PBXGroup;
			children = (
				EEA09D602913B30E00FAFF53 /* Hangman2.app */,
			);
			name = Products;
			sourceTree = "<group>";
		};
		EEA09D622913B30E00FAFF53 /* Hangman2 */ = {
			isa = PBXGroup;
			children = (
				EE96E5402913BC13000EBC08 /* Configuration */,
				BB5ACC4E292D059000755A61 /* Extensions */,
				BB5ACC51292D05CD00755A61 /* Model */,
				BBF64FC52964BEDC00A8F6BF /* Core Data */,
				BB9ECB962946274D00FF460A /* Modifiers */,
				BB4F5724294E4CCC0072FFC9 /* Network */,
				BB4F5735294F065B0072FFC9 /* App */,
				BBDA26F92947DBDA00E610D2 /* Views */,
				EE96E5432913DAC9000EBC08 /* Resources */,
				EE96E5482913E3CB000EBC08 /* Supporting Files */,
			);
			path = Hangman2;
			sourceTree = "<group>";
		};
/* End PBXGroup section */

/* Begin PBXNativeTarget section */
		EEA09D5F2913B30E00FAFF53 /* Hangman2 */ = {
			isa = PBXNativeTarget;
			buildConfigurationList = EEA09D6E2913B30F00FAFF53 /* Build configuration list for PBXNativeTarget "Hangman2" */;
			buildPhases = (
				EEA09D5C2913B30E00FAFF53 /* Sources */,
				EEA09D5D2913B30E00FAFF53 /* Frameworks */,
				EEA09D5E2913B30E00FAFF53 /* Resources */,
				BB5D428529363AB90077C9E5 /* ShellScript */,
			);
			buildRules = (
			);
			dependencies = (
			);
			name = Hangman2;
			productName = Hangman2;
			productReference = EEA09D602913B30E00FAFF53 /* Hangman2.app */;
			productType = "com.apple.product-type.application";
		};
/* End PBXNativeTarget section */

/* Begin PBXProject section */
		EEA09D582913B30E00FAFF53 /* Project object */ = {
			isa = PBXProject;
			attributes = {
				BuildIndependentTargetsInParallel = 1;
				LastSwiftUpdateCheck = 1410;
				LastUpgradeCheck = 1410;
				TargetAttributes = {
					EEA09D5F2913B30E00FAFF53 = {
						CreatedOnToolsVersion = 14.1;
					};
				};
			};
			buildConfigurationList = EEA09D5B2913B30E00FAFF53 /* Build configuration list for PBXProject "Hangman2" */;
			compatibilityVersion = "Xcode 14.0";
			developmentRegion = en;
			hasScannedForEncodings = 0;
			knownRegions = (
				en,
				Base,
				hr,
			);
			mainGroup = EEA09D572913B30E00FAFF53;
			productRefGroup = EEA09D612913B30E00FAFF53 /* Products */;
			projectDirPath = "";
			projectRoot = "";
			targets = (
				EEA09D5F2913B30E00FAFF53 /* Hangman2 */,
			);
		};
/* End PBXProject section */

/* Begin PBXResourcesBuildPhase section */
		EEA09D5E2913B30E00FAFF53 /* Resources */ = {
			isa = PBXResourcesBuildPhase;
			buildActionMask = 2147483647;
			files = (
				BB343671292EBDDD0012FF81 /* Localizable.strings in Resources */,
				BB29632529311E46008D1154 /* PatrickHand-Regular.ttf in Resources */,
				EE3623022913E4980088943C /* Preview Assets.xcassets in Resources */,
				EEA09D682913B30F00FAFF53 /* Assets.xcassets in Resources */,
				EE96E5452913DB09000EBC08 /* Another Danger - Demo.otf in Resources */,
			);
			runOnlyForDeploymentPostprocessing = 0;
		};
/* End PBXResourcesBuildPhase section */

/* Begin PBXShellScriptBuildPhase section */
		BB5D428529363AB90077C9E5 /* ShellScript */ = {
			isa = PBXShellScriptBuildPhase;
			alwaysOutOfDate = 1;
			buildActionMask = 2147483647;
			files = (
			);
			inputFileListPaths = (
			);
			inputPaths = (
			);
			outputFileListPaths = (
			);
			outputPaths = (
			);
			runOnlyForDeploymentPostprocessing = 0;
			shellPath = /bin/sh;
			shellScript = "export PATH=\"$PATH:/opt/homebrew/bin\"\nif which swiftlint >/dev/null; then\nswiftlint\nelse\necho \"warning: SwiftLint not installed, download from https://github.com/realm/SwiftLint\"\nfi\n";
		};
/* End PBXShellScriptBuildPhase section */

/* Begin PBXSourcesBuildPhase section */
		EEA09D5C2913B30E00FAFF53 /* Sources */ = {
			isa = PBXSourcesBuildPhase;
			buildActionMask = 2147483647;
			files = (
				BBC2A9C2292CE15900388189 /* TextButton.swift in Sources */,
				BB4F5728294E72BA0072FFC9 /* Networking.swift in Sources */,
				BBCF0006296321E100EBD871 /* GameInfoPopupView.swift in Sources */,
				BB7DF5F629670BCA00914205 /* WinRateCoreData.swift in Sources */,
				BB7DEA812943F8F60035F6C8 /* InfoPopupView.swift in Sources */,
				BB7DF5FA29670CB500914205 /* WinRate+Extensions.swift in Sources */,
				BB4FAB45294B62060060038A /* AnimatingNumberOverlay.swift in Sources */,
				BB6E6B962949BA2100A4DF4D /* OverviewType.swift in Sources */,
				BBF64FF32965907400A8F6BF /* HighScoreCoreData.swift in Sources */,
				BB7DF5F829670BE800914205 /* WinRateModel.swift in Sources */,
				BB4F5726294E6E790072FFC9 /* HttpClient.swift in Sources */,
				BB4B997A294A1FD4006DB2CF /* CommonModifiers1.swift in Sources */,
				BB71DC78291D49C8007B045D /* DifficultyView.swift in Sources */,
				BBDE41292941311C0052D13D /* PopupViewModifier.swift in Sources */,
				BB9DA8612934E9CA0009B6BB /* StatisticsView.swift in Sources */,
				BB2963232930FB93008D1154 /* AboutView.swift in Sources */,
				BB5ACC66292D243E00755A61 /* SectionHeaderView.swift in Sources */,
				BB6E6B922948CBE900A4DF4D /* BackImageButton.swift in Sources */,
				BB9DA85F2934E0560009B6BB /* Difficulty.swift in Sources */,
				BBDE4144294228EE0052D13D /* ScoringSystemPopupView.swift in Sources */,
				BB5ACC64292D235D00755A61 /* DisclosureRowView.swift in Sources */,
				BB4F5734294E87DF0072FFC9 /* Route.swift in Sources */,
				BB3F540C29467D4D00337565 /* EmailComposer.swift in Sources */,
				BB3F540A2946778600337565 /* EmailComposerView.swift in Sources */,
				BBDE41252940C4410052D13D /* EnglishKeyboardView.swift in Sources */,
				BB5D427429354C4D0077C9E5 /* SegmentedProgressView.swift in Sources */,
				BBCE96F1292E69D300A9535D /* WordsListView.swift in Sources */,
				BBCF00082963711900EBD871 /* Letter.swift in Sources */,
				BB7DEA7C2943DD190035F6C8 /* Theme.swift in Sources */,
				BBDE41232940C0340052D13D /* CroatianKeyboardView.swift in Sources */,
				BB5CF475293181BD00814D34 /* ShapeButton.swift in Sources */,
				BB5D42722935051C0077C9E5 /* CircularProgressView.swift in Sources */,
				BB5ACC6A292D70F700755A61 /* WordsLanguageView.swift in Sources */,
				BB4B9976294A152A006DB2CF /* CommonModifiers2.swift in Sources */,
				BB7AE91C29565E4A003CE6FC /* ActivityIndicator.swift in Sources */,
				BB78D9B5293B534700E0319F /* OverviewCardView.swift in Sources */,
				BB7DEA7F2943E0610035F6C8 /* AppLanguageView.swift in Sources */,
				BBF64FC82964BF9300A8F6BF /* DataModel.xcdatamodeld in Sources */,
				BB3F542629473C3500337565 /* Bundle+Informations.swift in Sources */,
				BB5ACC55292D05FD00755A61 /* GlobalSettings.swift in Sources */,
				BBDA270029489F2000E610D2 /* ConditionalViewModifier.swift in Sources */,
				BB7DF5E929662E5300914205 /* HighScoreModel.swift in Sources */,
				BBF64FCA2964C10900A8F6BF /* CoreDataManager.swift in Sources */,
				BB7DEA8429448AA90035F6C8 /* CapsuleButton.swift in Sources */,
				BBA5C98A29451F6300369696 /* ConfirmPopupView.swift in Sources */,
				BB71DC76291C62A3007B045D /* SettingsView.swift in Sources */,
				EEA09D662913B30E00FAFF53 /* StartView.swift in Sources */,
				EEA09D642913B30E00FAFF53 /* Hangman2App.swift in Sources */,
				BB78D9B8293B8D2C00E0319F /* GameView.swift in Sources */,
				BBC3C8B22951FB970091F5FE /* WordService.swift in Sources */,
				BB3F5428294765BB00337565 /* BackgroundImageView.swift in Sources */,
				BB7DEA7829432ED90035F6C8 /* DifficultyLevelsPopupView.swift in Sources */,
				BB6E6BC02949C47400A4DF4D /* View+PostfixedSpacer.swift in Sources */,
				BBA5C9882944DDF000369696 /* View+SpecificCornerRadius.swift in Sources */,
				BB5ACC53292D05E300755A61 /* Language.swift in Sources */,
				BB7DF5EB2966315B00914205 /* HighScore+Extensions.swift in Sources */,
				BB5ACC5F292D1BB900755A61 /* CustomNavigationView.swift in Sources */,
				EE96E5422913BC20000EBC08 /* Constants.swift in Sources */,
				BB4F572C294E75E00072FFC9 /* Word.swift in Sources */,
				BBA5580A29507D960015F482 /* AppModel.swift in Sources */,
				BB5CF47A2932702B00814D34 /* HighScoresView.swift in Sources */,
				BBDE4146294286E50052D13D /* HighScoresPopupView.swift in Sources */,
				BBCF000A29641CE900EBD871 /* String+Whitespaces.swift in Sources */,
				BB78D9B1293AB12600E0319F /* ScoreColumnView.swift in Sources */,
				BBDE34AD295DAF7700ED4D9B /* Game.swift in Sources */,
				BB9ECB982946276C00FF460A /* ScrollViewIfNeeded.swift in Sources */,
				BB5ACC61292D20FB00755A61 /* ToggleRowView.swift in Sources */,
				BB5ACC6C292D7C7800755A61 /* CheckRowView.swift in Sources */,
				BB5CF4772932559E00814D34 /* AppSettings.swift in Sources */,
				BB78D9B3293AC46A00E0319F /* DifficultyRateView.swift in Sources */,
				BB7AE92329597E50003CE6FC /* WordsPopupView.swift in Sources */,
				BB7AE91F29579673003CE6FC /* WordCardView.swift in Sources */,
				BB6E6B942948D3E200A4DF4D /* CharBox.swift in Sources */,
			);
			runOnlyForDeploymentPostprocessing = 0;
		};
/* End PBXSourcesBuildPhase section */

/* Begin PBXVariantGroup section */
		BB343673292EBDDD0012FF81 /* Localizable.strings */ = {
			isa = PBXVariantGroup;
			children = (
				BB343672292EBDDD0012FF81 /* en */,
				BB343674292EBDE30012FF81 /* hr */,
			);
			name = Localizable.strings;
			sourceTree = "<group>";
		};
/* End PBXVariantGroup section */

/* Begin XCBuildConfiguration section */
		EEA09D6C2913B30F00FAFF53 /* Debug */ = {
			isa = XCBuildConfiguration;
			buildSettings = {
				ALWAYS_SEARCH_USER_PATHS = NO;
				CLANG_ANALYZER_LOCALIZABILITY_NONLOCALIZED = YES;
				CLANG_ANALYZER_NONNULL = YES;
				CLANG_ANALYZER_NUMBER_OBJECT_CONVERSION = YES_AGGRESSIVE;
				CLANG_CXX_LANGUAGE_STANDARD = "gnu++20";
				CLANG_ENABLE_MODULES = YES;
				CLANG_ENABLE_OBJC_ARC = YES;
				CLANG_ENABLE_OBJC_WEAK = YES;
				CLANG_WARN_BLOCK_CAPTURE_AUTORELEASING = YES;
				CLANG_WARN_BOOL_CONVERSION = YES;
				CLANG_WARN_COMMA = YES;
				CLANG_WARN_CONSTANT_CONVERSION = YES;
				CLANG_WARN_DEPRECATED_OBJC_IMPLEMENTATIONS = YES;
				CLANG_WARN_DIRECT_OBJC_ISA_USAGE = YES_ERROR;
				CLANG_WARN_DOCUMENTATION_COMMENTS = YES;
				CLANG_WARN_EMPTY_BODY = YES;
				CLANG_WARN_ENUM_CONVERSION = YES;
				CLANG_WARN_INFINITE_RECURSION = YES;
				CLANG_WARN_INT_CONVERSION = YES;
				CLANG_WARN_NON_LITERAL_NULL_CONVERSION = YES;
				CLANG_WARN_OBJC_IMPLICIT_RETAIN_SELF = YES;
				CLANG_WARN_OBJC_LITERAL_CONVERSION = YES;
				CLANG_WARN_OBJC_ROOT_CLASS = YES_ERROR;
				CLANG_WARN_QUOTED_INCLUDE_IN_FRAMEWORK_HEADER = YES;
				CLANG_WARN_RANGE_LOOP_ANALYSIS = YES;
				CLANG_WARN_STRICT_PROTOTYPES = YES;
				CLANG_WARN_SUSPICIOUS_MOVE = YES;
				CLANG_WARN_UNGUARDED_AVAILABILITY = YES_AGGRESSIVE;
				CLANG_WARN_UNREACHABLE_CODE = YES;
				CLANG_WARN__DUPLICATE_METHOD_MATCH = YES;
				COPY_PHASE_STRIP = NO;
				DEBUG_INFORMATION_FORMAT = dwarf;
				ENABLE_STRICT_OBJC_MSGSEND = YES;
				ENABLE_TESTABILITY = YES;
				GCC_C_LANGUAGE_STANDARD = gnu11;
				GCC_DYNAMIC_NO_PIC = NO;
				GCC_NO_COMMON_BLOCKS = YES;
				GCC_OPTIMIZATION_LEVEL = 0;
				GCC_PREPROCESSOR_DEFINITIONS = (
					"DEBUG=1",
					"$(inherited)",
				);
				GCC_WARN_64_TO_32_BIT_CONVERSION = YES;
				GCC_WARN_ABOUT_RETURN_TYPE = YES_ERROR;
				GCC_WARN_UNDECLARED_SELECTOR = YES;
				GCC_WARN_UNINITIALIZED_AUTOS = YES_AGGRESSIVE;
				GCC_WARN_UNUSED_FUNCTION = YES;
				GCC_WARN_UNUSED_VARIABLE = YES;
				IPHONEOS_DEPLOYMENT_TARGET = 16.1;
				MTL_ENABLE_DEBUG_INFO = INCLUDE_SOURCE;
				MTL_FAST_MATH = YES;
				ONLY_ACTIVE_ARCH = YES;
				SDKROOT = iphoneos;
				SWIFT_ACTIVE_COMPILATION_CONDITIONS = DEBUG;
				SWIFT_OPTIMIZATION_LEVEL = "-Onone";
			};
			name = Debug;
		};
		EEA09D6D2913B30F00FAFF53 /* Release */ = {
			isa = XCBuildConfiguration;
			buildSettings = {
				ALWAYS_SEARCH_USER_PATHS = NO;
				CLANG_ANALYZER_LOCALIZABILITY_NONLOCALIZED = YES;
				CLANG_ANALYZER_NONNULL = YES;
				CLANG_ANALYZER_NUMBER_OBJECT_CONVERSION = YES_AGGRESSIVE;
				CLANG_CXX_LANGUAGE_STANDARD = "gnu++20";
				CLANG_ENABLE_MODULES = YES;
				CLANG_ENABLE_OBJC_ARC = YES;
				CLANG_ENABLE_OBJC_WEAK = YES;
				CLANG_WARN_BLOCK_CAPTURE_AUTORELEASING = YES;
				CLANG_WARN_BOOL_CONVERSION = YES;
				CLANG_WARN_COMMA = YES;
				CLANG_WARN_CONSTANT_CONVERSION = YES;
				CLANG_WARN_DEPRECATED_OBJC_IMPLEMENTATIONS = YES;
				CLANG_WARN_DIRECT_OBJC_ISA_USAGE = YES_ERROR;
				CLANG_WARN_DOCUMENTATION_COMMENTS = YES;
				CLANG_WARN_EMPTY_BODY = YES;
				CLANG_WARN_ENUM_CONVERSION = YES;
				CLANG_WARN_INFINITE_RECURSION = YES;
				CLANG_WARN_INT_CONVERSION = YES;
				CLANG_WARN_NON_LITERAL_NULL_CONVERSION = YES;
				CLANG_WARN_OBJC_IMPLICIT_RETAIN_SELF = YES;
				CLANG_WARN_OBJC_LITERAL_CONVERSION = YES;
				CLANG_WARN_OBJC_ROOT_CLASS = YES_ERROR;
				CLANG_WARN_QUOTED_INCLUDE_IN_FRAMEWORK_HEADER = YES;
				CLANG_WARN_RANGE_LOOP_ANALYSIS = YES;
				CLANG_WARN_STRICT_PROTOTYPES = YES;
				CLANG_WARN_SUSPICIOUS_MOVE = YES;
				CLANG_WARN_UNGUARDED_AVAILABILITY = YES_AGGRESSIVE;
				CLANG_WARN_UNREACHABLE_CODE = YES;
				CLANG_WARN__DUPLICATE_METHOD_MATCH = YES;
				COPY_PHASE_STRIP = NO;
				DEBUG_INFORMATION_FORMAT = "dwarf-with-dsym";
				ENABLE_NS_ASSERTIONS = NO;
				ENABLE_STRICT_OBJC_MSGSEND = YES;
				GCC_C_LANGUAGE_STANDARD = gnu11;
				GCC_NO_COMMON_BLOCKS = YES;
				GCC_WARN_64_TO_32_BIT_CONVERSION = YES;
				GCC_WARN_ABOUT_RETURN_TYPE = YES_ERROR;
				GCC_WARN_UNDECLARED_SELECTOR = YES;
				GCC_WARN_UNINITIALIZED_AUTOS = YES_AGGRESSIVE;
				GCC_WARN_UNUSED_FUNCTION = YES;
				GCC_WARN_UNUSED_VARIABLE = YES;
				IPHONEOS_DEPLOYMENT_TARGET = 16.1;
				MTL_ENABLE_DEBUG_INFO = NO;
				MTL_FAST_MATH = YES;
				SDKROOT = iphoneos;
				SWIFT_COMPILATION_MODE = wholemodule;
				SWIFT_OPTIMIZATION_LEVEL = "-O";
				VALIDATE_PRODUCT = YES;
			};
			name = Release;
		};
		EEA09D6F2913B30F00FAFF53 /* Debug */ = {
			isa = XCBuildConfiguration;
			buildSettings = {
				ASSETCATALOG_COMPILER_APPICON_NAME = AppIcon;
				ASSETCATALOG_COMPILER_GLOBAL_ACCENT_COLOR_NAME = AccentColor;
				CODE_SIGN_ENTITLEMENTS = "Hangman2/Supporting Files/Hangman2.entitlements";
				CODE_SIGN_STYLE = Automatic;
				CURRENT_PROJECT_VERSION = 1;
				DEVELOPMENT_ASSET_PATHS = "\"Hangman2/Resources/Preview Content\"";
				DEVELOPMENT_TEAM = NB2QYWV27L;
				ENABLE_PREVIEWS = YES;
				GENERATE_INFOPLIST_FILE = YES;
				INFOPLIST_FILE = "Hangman2/Supporting Files/Info.plist";
				INFOPLIST_KEY_UIApplicationSceneManifest_Generation = YES;
				INFOPLIST_KEY_UIApplicationSupportsIndirectInputEvents = YES;
				INFOPLIST_KEY_UILaunchScreen_Generation = YES;
				INFOPLIST_KEY_UIRequiresFullScreen = YES;
				INFOPLIST_KEY_UIStatusBarStyle = "";
				INFOPLIST_KEY_UISupportedInterfaceOrientations = "UIInterfaceOrientationPortrait UIInterfaceOrientationPortraitUpsideDown";
				IPHONEOS_DEPLOYMENT_TARGET = 16.0;
				LD_RUNPATH_SEARCH_PATHS = (
					"$(inherited)",
					"@executable_path/Frameworks",
				);
				MARKETING_VERSION = 1.0;
				PRODUCT_BUNDLE_IDENTIFIER = vukovichrvoje.Hangman2;
				PRODUCT_NAME = "$(TARGET_NAME)";
				SUPPORTED_PLATFORMS = "iphoneos iphonesimulator";
				SUPPORTS_MACCATALYST = NO;
				SUPPORTS_MAC_DESIGNED_FOR_IPHONE_IPAD = YES;
				SWIFT_EMIT_LOC_STRINGS = YES;
				SWIFT_VERSION = 5.0;
				TARGETED_DEVICE_FAMILY = "1,2";
			};
			name = Debug;
		};
		EEA09D702913B30F00FAFF53 /* Release */ = {
			isa = XCBuildConfiguration;
			buildSettings = {
				ASSETCATALOG_COMPILER_APPICON_NAME = AppIcon;
				ASSETCATALOG_COMPILER_GLOBAL_ACCENT_COLOR_NAME = AccentColor;
				CODE_SIGN_ENTITLEMENTS = "Hangman2/Supporting Files/Hangman2.entitlements";
				CODE_SIGN_STYLE = Automatic;
				CURRENT_PROJECT_VERSION = 1;
				DEVELOPMENT_ASSET_PATHS = "\"Hangman2/Resources/Preview Content\"";
				DEVELOPMENT_TEAM = NB2QYWV27L;
				ENABLE_PREVIEWS = YES;
				GENERATE_INFOPLIST_FILE = YES;
				INFOPLIST_FILE = "Hangman2/Supporting Files/Info.plist";
				INFOPLIST_KEY_UIApplicationSceneManifest_Generation = YES;
				INFOPLIST_KEY_UIApplicationSupportsIndirectInputEvents = YES;
				INFOPLIST_KEY_UILaunchScreen_Generation = YES;
				INFOPLIST_KEY_UIRequiresFullScreen = YES;
				INFOPLIST_KEY_UIStatusBarStyle = "";
				INFOPLIST_KEY_UISupportedInterfaceOrientations = "UIInterfaceOrientationPortrait UIInterfaceOrientationPortraitUpsideDown";
				IPHONEOS_DEPLOYMENT_TARGET = 16.0;
				LD_RUNPATH_SEARCH_PATHS = (
					"$(inherited)",
					"@executable_path/Frameworks",
				);
				MARKETING_VERSION = 1.0;
				PRODUCT_BUNDLE_IDENTIFIER = vukovichrvoje.Hangman2;
				PRODUCT_NAME = "$(TARGET_NAME)";
				SUPPORTED_PLATFORMS = "iphoneos iphonesimulator";
				SUPPORTS_MACCATALYST = NO;
				SUPPORTS_MAC_DESIGNED_FOR_IPHONE_IPAD = YES;
				SWIFT_EMIT_LOC_STRINGS = YES;
				SWIFT_VERSION = 5.0;
				TARGETED_DEVICE_FAMILY = "1,2";
			};
			name = Release;
		};
/* End XCBuildConfiguration section */

/* Begin XCConfigurationList section */
		EEA09D5B2913B30E00FAFF53 /* Build configuration list for PBXProject "Hangman2" */ = {
			isa = XCConfigurationList;
			buildConfigurations = (
				EEA09D6C2913B30F00FAFF53 /* Debug */,
				EEA09D6D2913B30F00FAFF53 /* Release */,
			);
			defaultConfigurationIsVisible = 0;
			defaultConfigurationName = Release;
		};
		EEA09D6E2913B30F00FAFF53 /* Build configuration list for PBXNativeTarget "Hangman2" */ = {
			isa = XCConfigurationList;
			buildConfigurations = (
				EEA09D6F2913B30F00FAFF53 /* Debug */,
				EEA09D702913B30F00FAFF53 /* Release */,
			);
			defaultConfigurationIsVisible = 0;
			defaultConfigurationName = Release;
		};
/* End XCConfigurationList section */

/* Begin XCVersionGroup section */
		BBF64FC62964BF9300A8F6BF /* DataModel.xcdatamodeld */ = {
			isa = XCVersionGroup;
			children = (
				BBF64FC72964BF9300A8F6BF /* DataModel.xcdatamodel */,
			);
			currentVersion = BBF64FC72964BF9300A8F6BF /* DataModel.xcdatamodel */;
			path = DataModel.xcdatamodeld;
			sourceTree = "<group>";
			versionGroupType = wrapper.xcdatamodel;
		};
/* End XCVersionGroup section */
	};
	rootObject = EEA09D582913B30E00FAFF53 /* Project object */;
}
